Microsoft Visual Studio Solution File, Format Version 12.00
# Visual Studio 14
Project("{8BC9CEB8-8B4A-11D0-8D11-00A0C91BC942}") = "ALL_BUILD", "ALL_BUILD.vcxproj", "{DB854B8B-0031-3051-B974-44DB5F49B09C}"
	ProjectSection(ProjectDependencies) = postProject
		{5C816D10-C536-3B37-B91A-3CE6C3537738} = {5C816D10-C536-3B37-B91A-3CE6C3537738}
		{6046756D-65F2-3904-8538-1077A4CBBDFC} = {6046756D-65F2-3904-8538-1077A4CBBDFC}
		{B4560204-DCE6-31E3-B47C-C98B9FD580EE} = {B4560204-DCE6-31E3-B47C-C98B9FD580EE}
		{265CE73F-8B6E-348B-93FD-4D825B742DC4} = {265CE73F-8B6E-348B-93FD-4D825B742DC4}
	EndProjectSection
EndProject
Project("{8BC9CEB8-8B4A-11D0-8D11-00A0C91BC942}") = "INSTALL", "INSTALL.vcxproj", "{1CEA4C39-3DF5-34B3-8EE4-B6D930CF1293}"
	ProjectSection(ProjectDependencies) = postProject
		{DB854B8B-0031-3051-B974-44DB5F49B09C} = {DB854B8B-0031-3051-B974-44DB5F49B09C}
		{5C816D10-C536-3B37-B91A-3CE6C3537738} = {5C816D10-C536-3B37-B91A-3CE6C3537738}
	EndProjectSection
EndProject
Project("{8BC9CEB8-8B4A-11D0-8D11-00A0C91BC942}") = "PACKAGE", "PACKAGE.vcxproj", "{5F7ECEF5-7B61-3327-AC64-55B899087B29}"
	ProjectSection(ProjectDependencies) = postProject
		{DB854B8B-0031-3051-B974-44DB5F49B09C} = {DB854B8B-0031-3051-B974-44DB5F49B09C}
		{5C816D10-C536-3B37-B91A-3CE6C3537738} = {5C816D10-C536-3B37-B91A-3CE6C3537738}
	EndProjectSection
EndProject
Project("{8BC9CEB8-8B4A-11D0-8D11-00A0C91BC942}") = "ZERO_CHECK", "..\..\\ZERO_CHECK.vcxproj", "{5C816D10-C536-3B37-B91A-3CE6C3537738}"
	ProjectSection(ProjectDependencies) = postProject
	EndProjectSection
EndProject
Project("{8BC9CEB8-8B4A-11D0-8D11-00A0C91BC942}") = "libjasper", "..\..\3rdparty\libjasper\libjasper.vcxproj", "{BD2230D9-77C8-3557-92A5-C5CBC8E531E5}"
	ProjectSection(ProjectDependencies) = postProject
		{5C816D10-C536-3B37-B91A-3CE6C3537738} = {5C816D10-C536-3B37-B91A-3CE6C3537738}
	EndProjectSection
EndProject
Project("{8BC9CEB8-8B4A-11D0-8D11-00A0C91BC942}") = "libjpeg", "..\..\3rdparty\libjpeg\libjpeg.vcxproj", "{B145F532-5898-3711-9A2B-978D6366E48B}"
	ProjectSection(ProjectDependencies) = postProject
		{5C816D10-C536-3B37-B91A-3CE6C3537738} = {5C816D10-C536-3B37-B91A-3CE6C3537738}
	EndProjectSection
EndProject
Project("{8BC9CEB8-8B4A-11D0-8D11-00A0C91BC942}") = "libpng", "..\..\3rdparty\libpng\libpng.vcxproj", "{1C9CA604-2F71-3B7B-930E-85D45B8FDABA}"
	ProjectSection(ProjectDependencies) = postProject
		{5C816D10-C536-3B37-B91A-3CE6C3537738} = {5C816D10-C536-3B37-B91A-3CE6C3537738}
		{81ACB54D-CC01-39C7-8A8E-4FE7545E958A} = {81ACB54D-CC01-39C7-8A8E-4FE7545E958A}
	EndProjectSection
EndProject
Project("{8BC9CEB8-8B4A-11D0-8D11-00A0C91BC942}") = "libtiff", "..\..\3rdparty\libtiff\libtiff.vcxproj", "{D353D531-C65E-3B61-81C8-9A20F51D2FEA}"
	ProjectSection(ProjectDependencies) = postProject
		{5C816D10-C536-3B37-B91A-3CE6C3537738} = {5C816D10-C536-3B37-B91A-3CE6C3537738}
		{81ACB54D-CC01-39C7-8A8E-4FE7545E958A} = {81ACB54D-CC01-39C7-8A8E-4FE7545E958A}
	EndProjectSection
EndProject
Project("{8BC9CEB8-8B4A-11D0-8D11-00A0C91BC942}") = "opencv_core", "..\core\opencv_core.vcxproj", "{0B6901DF-3063-3298-9C38-3B67104CB5A0}"
	ProjectSection(ProjectDependencies) = postProject
		{5C816D10-C536-3B37-B91A-3CE6C3537738} = {5C816D10-C536-3B37-B91A-3CE6C3537738}
		{F1D233CD-2E06-31CF-82C9-46F47228AD07} = {F1D233CD-2E06-31CF-82C9-46F47228AD07}
		{81ACB54D-CC01-39C7-8A8E-4FE7545E958A} = {81ACB54D-CC01-39C7-8A8E-4FE7545E958A}
	EndProjectSection
EndProject
Project("{8BC9CEB8-8B4A-11D0-8D11-00A0C91BC942}") = "opencv_hal", "..\hal\opencv_hal.vcxproj", "{F1D233CD-2E06-31CF-82C9-46F47228AD07}"
	ProjectSection(ProjectDependencies) = postProject
		{5C816D10-C536-3B37-B91A-3CE6C3537738} = {5C816D10-C536-3B37-B91A-3CE6C3537738}
	EndProjectSection
EndProject
Project("{8BC9CEB8-8B4A-11D0-8D11-00A0C91BC942}") = "opencv_imgcodecs", "..\imgcodecs\opencv_imgcodecs.vcxproj", "{ACA9B782-DABE-341E-85EB-C68A5C3F711D}"
	ProjectSection(ProjectDependencies) = postProject
		{5C816D10-C536-3B37-B91A-3CE6C3537738} = {5C816D10-C536-3B37-B91A-3CE6C3537738}
		{BD2230D9-77C8-3557-92A5-C5CBC8E531E5} = {BD2230D9-77C8-3557-92A5-C5CBC8E531E5}
		{B145F532-5898-3711-9A2B-978D6366E48B} = {B145F532-5898-3711-9A2B-978D6366E48B}
		{1C9CA604-2F71-3B7B-930E-85D45B8FDABA} = {1C9CA604-2F71-3B7B-930E-85D45B8FDABA}
		{D353D531-C65E-3B61-81C8-9A20F51D2FEA} = {D353D531-C65E-3B61-81C8-9A20F51D2FEA}
		{0B6901DF-3063-3298-9C38-3B67104CB5A0} = {0B6901DF-3063-3298-9C38-3B67104CB5A0}
		{F1D233CD-2E06-31CF-82C9-46F47228AD07} = {F1D233CD-2E06-31CF-82C9-46F47228AD07}
		{6046756D-65F2-3904-8538-1077A4CBBDFC} = {6046756D-65F2-3904-8538-1077A4CBBDFC}
		{81ACB54D-CC01-39C7-8A8E-4FE7545E958A} = {81ACB54D-CC01-39C7-8A8E-4FE7545E958A}
	EndProjectSection
EndProject
Project("{8BC9CEB8-8B4A-11D0-8D11-00A0C91BC942}") = "opencv_imgproc", "opencv_imgproc.vcxproj", "{6046756D-65F2-3904-8538-1077A4CBBDFC}"
	ProjectSection(ProjectDependencies) = postProject
		{5C816D10-C536-3B37-B91A-3CE6C3537738} = {5C816D10-C536-3B37-B91A-3CE6C3537738}
		{0B6901DF-3063-3298-9C38-3B67104CB5A0} = {0B6901DF-3063-3298-9C38-3B67104CB5A0}
		{F1D233CD-2E06-31CF-82C9-46F47228AD07} = {F1D233CD-2E06-31CF-82C9-46F47228AD07}
	EndProjectSection
EndProject
Project("{8BC9CEB8-8B4A-11D0-8D11-00A0C91BC942}") = "opencv_imgproc_object", "opencv_imgproc_object.vcxproj", "{7EA0115C-D218-3B44-897B-05D8F8A29AC3}"
	ProjectSection(ProjectDependencies) = postProject
		{5C816D10-C536-3B37-B91A-3CE6C3537738} = {5C816D10-C536-3B37-B91A-3CE6C3537738}
	EndProjectSection
EndProject
Project("{8BC9CEB8-8B4A-11D0-8D11-00A0C91BC942}") = "opencv_perf_imgproc", "opencv_perf_imgproc.vcxproj", "{B4560204-DCE6-31E3-B47C-C98B9FD580EE}"
	ProjectSection(ProjectDependencies) = postProject
		{5C816D10-C536-3B37-B91A-3CE6C3537738} = {5C816D10-C536-3B37-B91A-3CE6C3537738}
		{0B6901DF-3063-3298-9C38-3B67104CB5A0} = {0B6901DF-3063-3298-9C38-3B67104CB5A0}
		{F1D233CD-2E06-31CF-82C9-46F47228AD07} = {F1D233CD-2E06-31CF-82C9-46F47228AD07}
		{ACA9B782-DABE-341E-85EB-C68A5C3F711D} = {ACA9B782-DABE-341E-85EB-C68A5C3F711D}
		{6046756D-65F2-3904-8538-1077A4CBBDFC} = {6046756D-65F2-3904-8538-1077A4CBBDFC}
		{AA11520B-8E00-3058-AE16-61B24466140A} = {AA11520B-8E00-3058-AE16-61B24466140A}
		{03A2A4E2-C79C-3921-85EF-77F85133B119} = {03A2A4E2-C79C-3921-85EF-77F85133B119}
	EndProjectSection
EndProject
Project("{8BC9CEB8-8B4A-11D0-8D11-00A0C91BC942}") = "opencv_test_imgproc", "opencv_test_imgproc.vcxproj", "{265CE73F-8B6E-348B-93FD-4D825B742DC4}"
	ProjectSection(ProjectDependencies) = postProject
		{5C816D10-C536-3B37-B91A-3CE6C3537738} = {5C816D10-C536-3B37-B91A-3CE6C3537738}
		{0B6901DF-3063-3298-9C38-3B67104CB5A0} = {0B6901DF-3063-3298-9C38-3B67104CB5A0}
		{F1D233CD-2E06-31CF-82C9-46F47228AD07} = {F1D233CD-2E06-31CF-82C9-46F47228AD07}
		{ACA9B782-DABE-341E-85EB-C68A5C3F711D} = {ACA9B782-DABE-341E-85EB-C68A5C3F711D}
		{6046756D-65F2-3904-8538-1077A4CBBDFC} = {6046756D-65F2-3904-8538-1077A4CBBDFC}
		{AA11520B-8E00-3058-AE16-61B24466140A} = {AA11520B-8E00-3058-AE16-61B24466140A}
		{03A2A4E2-C79C-3921-85EF-77F85133B119} = {03A2A4E2-C79C-3921-85EF-77F85133B119}
	EndProjectSection
EndProject
Project("{8BC9CEB8-8B4A-11D0-8D11-00A0C91BC942}") = "opencv_ts", "..\ts\opencv_ts.vcxproj", "{AA11520B-8E00-3058-AE16-61B24466140A}"
	ProjectSection(ProjectDependencies) = postProject
		{5C816D10-C536-3B37-B91A-3CE6C3537738} = {5C816D10-C536-3B37-B91A-3CE6C3537738}
		{0B6901DF-3063-3298-9C38-3B67104CB5A0} = {0B6901DF-3063-3298-9C38-3B67104CB5A0}
		{F1D233CD-2E06-31CF-82C9-46F47228AD07} = {F1D233CD-2E06-31CF-82C9-46F47228AD07}
		{ACA9B782-DABE-341E-85EB-C68A5C3F711D} = {ACA9B782-DABE-341E-85EB-C68A5C3F711D}
		{6046756D-65F2-3904-8538-1077A4CBBDFC} = {6046756D-65F2-3904-8538-1077A4CBBDFC}
		{03A2A4E2-C79C-3921-85EF-77F85133B119} = {03A2A4E2-C79C-3921-85EF-77F85133B119}
	EndProjectSection
EndProject
Project("{8BC9CEB8-8B4A-11D0-8D11-00A0C91BC942}") = "opencv_videoio", "..\videoio\opencv_videoio.vcxproj", "{03A2A4E2-C79C-3921-85EF-77F85133B119}"
	ProjectSection(ProjectDependencies) = postProject
		{5C816D10-C536-3B37-B91A-3CE6C3537738} = {5C816D10-C536-3B37-B91A-3CE6C3537738}
		{0B6901DF-3063-3298-9C38-3B67104CB5A0} = {0B6901DF-3063-3298-9C38-3B67104CB5A0}
		{F1D233CD-2E06-31CF-82C9-46F47228AD07} = {F1D233CD-2E06-31CF-82C9-46F47228AD07}
		{ACA9B782-DABE-341E-85EB-C68A5C3F711D} = {ACA9B782-DABE-341E-85EB-C68A5C3F711D}
		{6046756D-65F2-3904-8538-1077A4CBBDFC} = {6046756D-65F2-3904-8538-1077A4CBBDFC}
	EndProjectSection
EndProject
Project("{8BC9CEB8-8B4A-11D0-8D11-00A0C91BC942}") = "zlib", "..\..\3rdparty\zlib\zlib.vcxproj", "{81ACB54D-CC01-39C7-8A8E-4FE7545E958A}"
	ProjectSection(ProjectDependencies) = postProject
		{5C816D10-C536-3B37-B91A-3CE6C3537738} = {5C816D10-C536-3B37-B91A-3CE6C3537738}
	EndProjectSection
EndProject
Project("{2150E333-8FDC-42A3-9474-1A3956D46DE8}") = "3rdparty", "3rdparty", "{446D69D2-F67C-3520-8430-C7954CF7FA55}"
EndProject
Project("{2150E333-8FDC-42A3-9474-1A3956D46DE8}") = "CMakeTargets", "CMakeTargets", "{797F808B-B636-3E4D-990A-C03F6044903C}"
EndProject
Project("{2150E333-8FDC-42A3-9474-1A3956D46DE8}") = "modules", "modules", "{7D481FFD-F46B-320F-98DE-8EEEFA7DA741}"
EndProject
Project("{2150E333-8FDC-42A3-9474-1A3956D46DE8}") = "object_libraries", "object_libraries", "{91E794AC-5E6B-3180-9F4C-3E36C9A119E2}"
EndProject
Project("{2150E333-8FDC-42A3-9474-1A3956D46DE8}") = "tests accuracy", "tests accuracy", "{FA59853B-B6A7-373E-8E71-3B1487747681}"
EndProject
Project("{2150E333-8FDC-42A3-9474-1A3956D46DE8}") = "tests performance", "tests performance", "{887FC2E3-B964-3E0F-9254-66F19AA836AD}"
EndProject
Global
	GlobalSection(SolutionConfigurationPlatforms) = preSolution
		Debug|Win32 = Debug|Win32
		Release|Win32 = Release|Win32
	EndGlobalSection
	GlobalSection(ProjectConfigurationPlatforms) = postSolution
		{DB854B8B-0031-3051-B974-44DB5F49B09C}.Debug|Win32.ActiveCfg = Debug|Win32
		{DB854B8B-0031-3051-B974-44DB5F49B09C}.Debug|Win32.Build.0 = Debug|Win32
		{DB854B8B-0031-3051-B974-44DB5F49B09C}.Release|Win32.ActiveCfg = Release|Win32
		{DB854B8B-0031-3051-B974-44DB5F49B09C}.Release|Win32.Build.0 = Release|Win32
		{1CEA4C39-3DF5-34B3-8EE4-B6D930CF1293}.Debug|Win32.ActiveCfg = Debug|Win32
		{1CEA4C39-3DF5-34B3-8EE4-B6D930CF1293}.Release|Win32.ActiveCfg = Release|Win32
		{5F7ECEF5-7B61-3327-AC64-55B899087B29}.Debug|Win32.ActiveCfg = Debug|Win32
		{5F7ECEF5-7B61-3327-AC64-55B899087B29}.Release|Win32.ActiveCfg = Release|Win32
		{5C816D10-C536-3B37-B91A-3CE6C3537738}.Debug|Win32.ActiveCfg = Debug|Win32
		{5C816D10-C536-3B37-B91A-3CE6C3537738}.Debug|Win32.Build.0 = Debug|Win32
		{5C816D10-C536-3B37-B91A-3CE6C3537738}.Release|Win32.ActiveCfg = Release|Win32
		{5C816D10-C536-3B37-B91A-3CE6C3537738}.Release|Win32.Build.0 = Release|Win32
		{BD2230D9-77C8-3557-92A5-C5CBC8E531E5}.Debug|Win32.ActiveCfg = Debug|Win32
		{BD2230D9-77C8-3557-92A5-C5CBC8E531E5}.Debug|Win32.Build.0 = Debug|Win32
		{BD2230D9-77C8-3557-92A5-C5CBC8E531E5}.Release|Win32.ActiveCfg = Release|Win32
		{BD2230D9-77C8-3557-92A5-C5CBC8E531E5}.Release|Win32.Build.0 = Release|Win32
		{B145F532-5898-3711-9A2B-978D6366E48B}.Debug|Win32.ActiveCfg = Debug|Win32
		{B145F532-5898-3711-9A2B-978D6366E48B}.Debug|Win32.Build.0 = Debug|Win32
		{B145F532-5898-3711-9A2B-978D6366E48B}.Release|Win32.ActiveCfg = Release|Win32
		{B145F532-5898-3711-9A2B-978D6366E48B}.Release|Win32.Build.0 = Release|Win32
		{1C9CA604-2F71-3B7B-930E-85D45B8FDABA}.Debug|Win32.ActiveCfg = Debug|Win32
		{1C9CA604-2F71-3B7B-930E-85D45B8FDABA}.Debug|Win32.Build.0 = Debug|Win32
		{1C9CA604-2F71-3B7B-930E-85D45B8FDABA}.Release|Win32.ActiveCfg = Release|Win32
		{1C9CA604-2F71-3B7B-930E-85D45B8FDABA}.Release|Win32.Build.0 = Release|Win32
		{D353D531-C65E-3B61-81C8-9A20F51D2FEA}.Debug|Win32.ActiveCfg = Debug|Win32
		{D353D531-C65E-3B61-81C8-9A20F51D2FEA}.Debug|Win32.Build.0 = Debug|Win32
		{D353D531-C65E-3B61-81C8-9A20F51D2FEA}.Release|Win32.ActiveCfg = Release|Win32
		{D353D531-C65E-3B61-81C8-9A20F51D2FEA}.Release|Win32.Build.0 = Release|Win32
		{0B6901DF-3063-3298-9C38-3B67104CB5A0}.Debug|Win32.ActiveCfg = Debug|Win32
		{0B6901DF-3063-3298-9C38-3B67104CB5A0}.Debug|Win32.Build.0 = Debug|Win32
		{0B6901DF-3063-3298-9C38-3B67104CB5A0}.Debug|Win32.Deploy.0 = Debug|Win32
		{0B6901DF-3063-3298-9C38-3B67104CB5A0}.Release|Win32.ActiveCfg = Release|Win32
		{0B6901DF-3063-3298-9C38-3B67104CB5A0}.Release|Win32.Build.0 = Release|Win32
		{0B6901DF-3063-3298-9C38-3B67104CB5A0}.Release|Win32.Deploy.0 = Release|Win32
		{F1D233CD-2E06-31CF-82C9-46F47228AD07}.Debug|Win32.ActiveCfg = Debug|Win32
		{F1D233CD-2E06-31CF-82C9-46F47228AD07}.Debug|Win32.Build.0 = Debug|Win32
		{F1D233CD-2E06-31CF-82C9-46F47228AD07}.Release|Win32.ActiveCfg = Release|Win32
		{F1D233CD-2E06-31CF-82C9-46F47228AD07}.Release|Win32.Build.0 = Release|Win32
		{ACA9B782-DABE-341E-85EB-C68A5C3F711D}.Debug|Win32.ActiveCfg = Debug|Win32
		{ACA9B782-DABE-341E-85EB-C68A5C3F711D}.Debug|Win32.Build.0 = Debug|Win32
		{ACA9B782-DABE-341E-85EB-C68A5C3F711D}.Debug|Win32.Deploy.0 = Debug|Win32
		{ACA9B782-DABE-341E-85EB-C68A5C3F711D}.Release|Win32.ActiveCfg = Release|Win32
		{ACA9B782-DABE-341E-85EB-C68A5C3F711D}.Release|Win32.Build.0 = Release|Win32
		{ACA9B782-DABE-341E-85EB-C68A5C3F711D}.Release|Win32.Deploy.0 = Release|Win32
		{6046756D-65F2-3904-8538-1077A4CBBDFC}.Debug|Win32.ActiveCfg = Debug|Win32
		{6046756D-65F2-3904-8538-1077A4CBBDFC}.Debug|Win32.Build.0 = Debug|Win32
		{6046756D-65F2-3904-8538-1077A4CBBDFC}.Debug|Win32.Deploy.0 = Debug|Win32
		{6046756D-65F2-3904-8538-1077A4CBBDFC}.Release|Win32.ActiveCfg = Release|Win32
		{6046756D-65F2-3904-8538-1077A4CBBDFC}.Release|Win32.Build.0 = Release|Win32
		{6046756D-65F2-3904-8538-1077A4CBBDFC}.Release|Win32.Deploy.0 = Release|Win32
		{7EA0115C-D218-3B44-897B-05D8F8A29AC3}.Debug|Win32.ActiveCfg = Debug|Win32
		{7EA0115C-D218-3B44-897B-05D8F8A29AC3}.Release|Win32.ActiveCfg = Release|Win32
		{B4560204-DCE6-31E3-B47C-C98B9FD580EE}.Debug|Win32.ActiveCfg = Debug|Win32
		{B4560204-DCE6-31E3-B47C-C98B9FD580EE}.Debug|Win32.Build.0 = Debug|Win32
		{B4560204-DCE6-31E3-B47C-C98B9FD580EE}.Debug|Win32.Deploy.0 = Debug|Win32
		{B4560204-DCE6-31E3-B47C-C98B9FD580EE}.Release|Win32.ActiveCfg = Release|Win32
		{B4560204-DCE6-31E3-B47C-C98B9FD580EE}.Release|Win32.Build.0 = Release|Win32
		{B4560204-DCE6-31E3-B47C-C98B9FD580EE}.Release|Win32.Deploy.0 = Release|Win32
		{265CE73F-8B6E-348B-93FD-4D825B742DC4}.Debug|Win32.ActiveCfg = Debug|Win32
		{265CE73F-8B6E-348B-93FD-4D825B742DC4}.Debug|Win32.Build.0 = Debug|Win32
		{265CE73F-8B6E-348B-93FD-4D825B742DC4}.Debug|Win32.Deploy.0 = Debug|Win32
		{265CE73F-8B6E-348B-93FD-4D825B742DC4}.Release|Win32.ActiveCfg = Release|Win32
		{265CE73F-8B6E-348B-93FD-4D825B742DC4}.Release|Win32.Build.0 = Release|Win32
		{265CE73F-8B6E-348B-93FD-4D825B742DC4}.Release|Win32.Deploy.0 = Release|Win32
		{AA11520B-8E00-3058-AE16-61B24466140A}.Debug|Win32.ActiveCfg = Debug|Win32
		{AA11520B-8E00-3058-AE16-61B24466140A}.Debug|Win32.Build.0 = Debug|Win32
		{AA11520B-8E00-3058-AE16-61B24466140A}.Release|Win32.ActiveCfg = Release|Win32
		{AA11520B-8E00-3058-AE16-61B24466140A}.Release|Win32.Build.0 = Release|Win32
		{03A2A4E2-C79C-3921-85EF-77F85133B119}.Debug|Win32.ActiveCfg = Debug|Win32
		{03A2A4E2-C79C-3921-85EF-77F85133B119}.Debug|Win32.Build.0 = Debug|Win32
		{03A2A4E2-C79C-3921-85EF-77F85133B119}.Debug|Win32.Deploy.0 = Debug|Win32
		{03A2A4E2-C79C-3921-85EF-77F85133B119}.Release|Win32.ActiveCfg = Release|Win32
		{03A2A4E2-C79C-3921-85EF-77F85133B119}.Release|Win32.Build.0 = Release|Win32
		{03A2A4E2-C79C-3921-85EF-77F85133B119}.Release|Win32.Deploy.0 = Release|Win32
		{81ACB54D-CC01-39C7-8A8E-4FE7545E958A}.Debug|Win32.ActiveCfg = Debug|Win32
		{81ACB54D-CC01-39C7-8A8E-4FE7545E958A}.Debug|Win32.Build.0 = Debug|Win32
		{81ACB54D-CC01-39C7-8A8E-4FE7545E958A}.Release|Win32.ActiveCfg = Release|Win32
		{81ACB54D-CC01-39C7-8A8E-4FE7545E958A}.Release|Win32.Build.0 = Release|Win32
	EndGlobalSection
	GlobalSection(NestedProjects) = preSolution
		{BD2230D9-77C8-3557-92A5-C5CBC8E531E5} = {446D69D2-F67C-3520-8430-C7954CF7FA55}
		{B145F532-5898-3711-9A2B-978D6366E48B} = {446D69D2-F67C-3520-8430-C7954CF7FA55}
		{1C9CA604-2F71-3B7B-930E-85D45B8FDABA} = {446D69D2-F67C-3520-8430-C7954CF7FA55}
		{D353D531-C65E-3B61-81C8-9A20F51D2FEA} = {446D69D2-F67C-3520-8430-C7954CF7FA55}
		{81ACB54D-CC01-39C7-8A8E-4FE7545E958A} = {446D69D2-F67C-3520-8430-C7954CF7FA55}
		{1CEA4C39-3DF5-34B3-8EE4-B6D930CF1293} = {797F808B-B636-3E4D-990A-C03F6044903C}
		{5F7ECEF5-7B61-3327-AC64-55B899087B29} = {797F808B-B636-3E4D-990A-C03F6044903C}
		{5C816D10-C536-3B37-B91A-3CE6C3537738} = {797F808B-B636-3E4D-990A-C03F6044903C}
		{0B6901DF-3063-3298-9C38-3B67104CB5A0} = {7D481FFD-F46B-320F-98DE-8EEEFA7DA741}
		{F1D233CD-2E06-31CF-82C9-46F47228AD07} = {7D481FFD-F46B-320F-98DE-8EEEFA7DA741}
		{ACA9B782-DABE-341E-85EB-C68A5C3F711D} = {7D481FFD-F46B-320F-98DE-8EEEFA7DA741}
		{6046756D-65F2-3904-8538-1077A4CBBDFC} = {7D481FFD-F46B-320F-98DE-8EEEFA7DA741}
		{AA11520B-8E00-3058-AE16-61B24466140A} = {7D481FFD-F46B-320F-98DE-8EEEFA7DA741}
		{03A2A4E2-C79C-3921-85EF-77F85133B119} = {7D481FFD-F46B-320F-98DE-8EEEFA7DA741}
		{7EA0115C-D218-3B44-897B-05D8F8A29AC3} = {91E794AC-5E6B-3180-9F4C-3E36C9A119E2}
		{265CE73F-8B6E-348B-93FD-4D825B742DC4} = {FA59853B-B6A7-373E-8E71-3B1487747681}
		{B4560204-DCE6-31E3-B47C-C98B9FD580EE} = {887FC2E3-B964-3E0F-9254-66F19AA836AD}
	EndGlobalSection
	GlobalSection(ExtensibilityGlobals) = postSolution
	EndGlobalSection
	GlobalSection(ExtensibilityAddIns) = postSolution
	EndGlobalSection
EndGlobal
