Microsoft Visual Studio Solution File, Format Version 12.00
# Visual Studio 14
Project("{8BC9CEB8-8B4A-11D0-8D11-00A0C91BC942}") = "ALL_BUILD", "ALL_BUILD.vcxproj", "{DB854B8B-0031-3051-B974-44DB5F49B09C}"
	ProjectSection(ProjectDependencies) = postProject
		{5C816D10-C536-3B37-B91A-3CE6C3537738} = {5C816D10-C536-3B37-B91A-3CE6C3537738}
		{BD2230D9-77C8-3557-92A5-C5CBC8E531E5} = {BD2230D9-77C8-3557-92A5-C5CBC8E531E5}
		{B145F532-5898-3711-9A2B-978D6366E48B} = {B145F532-5898-3711-9A2B-978D6366E48B}
		{1C9CA604-2F71-3B7B-930E-85D45B8FDABA} = {1C9CA604-2F71-3B7B-930E-85D45B8FDABA}
		{D353D531-C65E-3B61-81C8-9A20F51D2FEA} = {D353D531-C65E-3B61-81C8-9A20F51D2FEA}
		{2258C69E-EACC-3D36-9C27-15048D0CEAD5} = {2258C69E-EACC-3D36-9C27-15048D0CEAD5}
		{8DF3B0B0-48F1-31DC-BFDD-BAD8D74E7DDE} = {8DF3B0B0-48F1-31DC-BFDD-BAD8D74E7DDE}
		{0B6901DF-3063-3298-9C38-3B67104CB5A0} = {0B6901DF-3063-3298-9C38-3B67104CB5A0}
		{979E634B-1C12-33C2-A9F4-EA1FD5F99260} = {979E634B-1C12-33C2-A9F4-EA1FD5F99260}
		{7B5061A7-561B-3040-85DB-6A743C63FB8D} = {7B5061A7-561B-3040-85DB-6A743C63FB8D}
		{F1D233CD-2E06-31CF-82C9-46F47228AD07} = {F1D233CD-2E06-31CF-82C9-46F47228AD07}
		{ACA9B782-DABE-341E-85EB-C68A5C3F711D} = {ACA9B782-DABE-341E-85EB-C68A5C3F711D}
		{6046756D-65F2-3904-8538-1077A4CBBDFC} = {6046756D-65F2-3904-8538-1077A4CBBDFC}
		{99D55B16-EE01-37A0-B234-82D9EA999323} = {99D55B16-EE01-37A0-B234-82D9EA999323}
		{E27D8C96-7CF9-305D-A247-CD4D96DA3A3F} = {E27D8C96-7CF9-305D-A247-CD4D96DA3A3F}
		{924EFB06-B3F6-32D4-BABB-6F6D4FB4D678} = {924EFB06-B3F6-32D4-BABB-6F6D4FB4D678}
		{E13ED7F4-8E22-34A6-957A-965611C71DE4} = {E13ED7F4-8E22-34A6-957A-965611C71DE4}
		{EC789AED-E954-3EF7-A2E2-DB6A5547DDF9} = {EC789AED-E954-3EF7-A2E2-DB6A5547DDF9}
		{0361CE99-367B-3EAC-A7D5-E2C63777BFEB} = {0361CE99-367B-3EAC-A7D5-E2C63777BFEB}
		{A34B9339-3300-3EA8-8A0B-95E646E0EAD5} = {A34B9339-3300-3EA8-8A0B-95E646E0EAD5}
		{B4560204-DCE6-31E3-B47C-C98B9FD580EE} = {B4560204-DCE6-31E3-B47C-C98B9FD580EE}
		{FF4D8D74-999D-33FA-8038-98B8513FB48C} = {FF4D8D74-999D-33FA-8038-98B8513FB48C}
		{EFC94FCB-B9F3-315B-AA7D-5C254CC23A6B} = {EFC94FCB-B9F3-315B-AA7D-5C254CC23A6B}
		{2C2EE817-C331-331D-9785-3CC94DFC0565} = {2C2EE817-C331-331D-9785-3CC94DFC0565}
		{7968FDCD-19E8-327F-912C-0AE7928D5A56} = {7968FDCD-19E8-327F-912C-0AE7928D5A56}
		{ED50DEFC-0AEB-37CA-98A0-D5867152CE9D} = {ED50DEFC-0AEB-37CA-98A0-D5867152CE9D}
		{1D512798-8BBF-36CF-9FA3-FF7BE467ECD9} = {1D512798-8BBF-36CF-9FA3-FF7BE467ECD9}
		{D7B952C6-8417-3130-A5D9-7674A6E5520E} = {D7B952C6-8417-3130-A5D9-7674A6E5520E}
		{654D8D64-A448-33EB-8D3A-0FB5F80C9CBD} = {654D8D64-A448-33EB-8D3A-0FB5F80C9CBD}
		{A240A308-7DD0-3B9F-96DB-888AF3DC373C} = {A240A308-7DD0-3B9F-96DB-888AF3DC373C}
		{8CFE4860-2161-30CD-AF9B-423A5717F0EC} = {8CFE4860-2161-30CD-AF9B-423A5717F0EC}
		{FD86AAD8-960E-3B40-A1DB-C325C347C704} = {FD86AAD8-960E-3B40-A1DB-C325C347C704}
		{A1BD384B-D33F-3204-8E28-985D3EFD730F} = {A1BD384B-D33F-3204-8E28-985D3EFD730F}
		{ADD6E154-100E-3D4B-BAE1-D870E01EA834} = {ADD6E154-100E-3D4B-BAE1-D870E01EA834}
		{295DA531-3669-3613-ACCE-1B920B3F875A} = {295DA531-3669-3613-ACCE-1B920B3F875A}
		{DFBD73CF-FA8F-3DE2-992F-D8AA504248D6} = {DFBD73CF-FA8F-3DE2-992F-D8AA504248D6}
		{3C4F20ED-FF23-36D1-99D2-F3B973CC7C9F} = {3C4F20ED-FF23-36D1-99D2-F3B973CC7C9F}
		{265CE73F-8B6E-348B-93FD-4D825B742DC4} = {265CE73F-8B6E-348B-93FD-4D825B742DC4}
		{A47DB677-45A1-3EB3-8157-3A7F5024055F} = {A47DB677-45A1-3EB3-8157-3A7F5024055F}
		{EC1C0F12-2FC1-3065-BFD4-4C6438BCAD38} = {EC1C0F12-2FC1-3065-BFD4-4C6438BCAD38}
		{6CCEF62B-7C1B-3C2D-9CFF-AE31A87A40B1} = {6CCEF62B-7C1B-3C2D-9CFF-AE31A87A40B1}
		{171B235E-4BA9-3C61-AD27-413D7F261AB6} = {171B235E-4BA9-3C61-AD27-413D7F261AB6}
		{4E7EC2A6-A8F9-3E16-9153-1BB2D80F7A76} = {4E7EC2A6-A8F9-3E16-9153-1BB2D80F7A76}
		{3674D3E1-E1B1-3FF3-83C4-21E782E28EE6} = {3674D3E1-E1B1-3FF3-83C4-21E782E28EE6}
		{7C8F6E5B-78CC-3C45-8250-59CB21B9C4E8} = {7C8F6E5B-78CC-3C45-8250-59CB21B9C4E8}
		{C58FAC26-9414-3B1F-9E56-E0CD8CE57A94} = {C58FAC26-9414-3B1F-9E56-E0CD8CE57A94}
		{AA11520B-8E00-3058-AE16-61B24466140A} = {AA11520B-8E00-3058-AE16-61B24466140A}
		{9AFF5379-D7F5-3052-93E0-362F702C1418} = {9AFF5379-D7F5-3052-93E0-362F702C1418}
		{03A2A4E2-C79C-3921-85EF-77F85133B119} = {03A2A4E2-C79C-3921-85EF-77F85133B119}
		{F9122F10-3D55-31DD-9DE2-C8E829E0F520} = {F9122F10-3D55-31DD-9DE2-C8E829E0F520}
		{81ACB54D-CC01-39C7-8A8E-4FE7545E958A} = {81ACB54D-CC01-39C7-8A8E-4FE7545E958A}
	EndProjectSection
EndProject
Project("{8BC9CEB8-8B4A-11D0-8D11-00A0C91BC942}") = "INSTALL", "INSTALL.vcxproj", "{1CEA4C39-3DF5-34B3-8EE4-B6D930CF1293}"
	ProjectSection(ProjectDependencies) = postProject
		{DB854B8B-0031-3051-B974-44DB5F49B09C} = {DB854B8B-0031-3051-B974-44DB5F49B09C}
		{5C816D10-C536-3B37-B91A-3CE6C3537738} = {5C816D10-C536-3B37-B91A-3CE6C3537738}
	EndProjectSection
EndProject
Project("{8BC9CEB8-8B4A-11D0-8D11-00A0C91BC942}") = "PACKAGE", "PACKAGE.vcxproj", "{5F7ECEF5-7B61-3327-AC64-55B899087B29}"
	ProjectSection(ProjectDependencies) = postProject
		{DB854B8B-0031-3051-B974-44DB5F49B09C} = {DB854B8B-0031-3051-B974-44DB5F49B09C}
		{5C816D10-C536-3B37-B91A-3CE6C3537738} = {5C816D10-C536-3B37-B91A-3CE6C3537738}
	EndProjectSection
EndProject
Project("{8BC9CEB8-8B4A-11D0-8D11-00A0C91BC942}") = "ZERO_CHECK", "ZERO_CHECK.vcxproj", "{5C816D10-C536-3B37-B91A-3CE6C3537738}"
	ProjectSection(ProjectDependencies) = postProject
	EndProjectSection
EndProject
Project("{8BC9CEB8-8B4A-11D0-8D11-00A0C91BC942}") = "libjasper", "3rdparty\libjasper\libjasper.vcxproj", "{BD2230D9-77C8-3557-92A5-C5CBC8E531E5}"
	ProjectSection(ProjectDependencies) = postProject
		{5C816D10-C536-3B37-B91A-3CE6C3537738} = {5C816D10-C536-3B37-B91A-3CE6C3537738}
	EndProjectSection
EndProject
Project("{8BC9CEB8-8B4A-11D0-8D11-00A0C91BC942}") = "libjpeg", "3rdparty\libjpeg\libjpeg.vcxproj", "{B145F532-5898-3711-9A2B-978D6366E48B}"
	ProjectSection(ProjectDependencies) = postProject
		{5C816D10-C536-3B37-B91A-3CE6C3537738} = {5C816D10-C536-3B37-B91A-3CE6C3537738}
	EndProjectSection
EndProject
Project("{8BC9CEB8-8B4A-11D0-8D11-00A0C91BC942}") = "libpng", "3rdparty\libpng\libpng.vcxproj", "{1C9CA604-2F71-3B7B-930E-85D45B8FDABA}"
	ProjectSection(ProjectDependencies) = postProject
		{5C816D10-C536-3B37-B91A-3CE6C3537738} = {5C816D10-C536-3B37-B91A-3CE6C3537738}
		{81ACB54D-CC01-39C7-8A8E-4FE7545E958A} = {81ACB54D-CC01-39C7-8A8E-4FE7545E958A}
	EndProjectSection
EndProject
Project("{8BC9CEB8-8B4A-11D0-8D11-00A0C91BC942}") = "libtiff", "3rdparty\libtiff\libtiff.vcxproj", "{D353D531-C65E-3B61-81C8-9A20F51D2FEA}"
	ProjectSection(ProjectDependencies) = postProject
		{5C816D10-C536-3B37-B91A-3CE6C3537738} = {5C816D10-C536-3B37-B91A-3CE6C3537738}
		{81ACB54D-CC01-39C7-8A8E-4FE7545E958A} = {81ACB54D-CC01-39C7-8A8E-4FE7545E958A}
	EndProjectSection
EndProject
Project("{8BC9CEB8-8B4A-11D0-8D11-00A0C91BC942}") = "opencv_bioinspired", "modules\bioinspired\opencv_bioinspired.vcxproj", "{2258C69E-EACC-3D36-9C27-15048D0CEAD5}"
	ProjectSection(ProjectDependencies) = postProject
		{5C816D10-C536-3B37-B91A-3CE6C3537738} = {5C816D10-C536-3B37-B91A-3CE6C3537738}
		{0B6901DF-3063-3298-9C38-3B67104CB5A0} = {0B6901DF-3063-3298-9C38-3B67104CB5A0}
		{F1D233CD-2E06-31CF-82C9-46F47228AD07} = {F1D233CD-2E06-31CF-82C9-46F47228AD07}
	EndProjectSection
EndProject
Project("{8BC9CEB8-8B4A-11D0-8D11-00A0C91BC942}") = "opencv_bioinspired_object", "modules\bioinspired\opencv_bioinspired_object.vcxproj", "{C5A9AFFC-E8A4-3B43-8F27-2124C2C1B861}"
	ProjectSection(ProjectDependencies) = postProject
		{5C816D10-C536-3B37-B91A-3CE6C3537738} = {5C816D10-C536-3B37-B91A-3CE6C3537738}
	EndProjectSection
EndProject
Project("{8BC9CEB8-8B4A-11D0-8D11-00A0C91BC942}") = "opencv_calib3d", "modules\calib3d\opencv_calib3d.vcxproj", "{8DF3B0B0-48F1-31DC-BFDD-BAD8D74E7DDE}"
	ProjectSection(ProjectDependencies) = postProject
		{5C816D10-C536-3B37-B91A-3CE6C3537738} = {5C816D10-C536-3B37-B91A-3CE6C3537738}
		{0B6901DF-3063-3298-9C38-3B67104CB5A0} = {0B6901DF-3063-3298-9C38-3B67104CB5A0}
		{979E634B-1C12-33C2-A9F4-EA1FD5F99260} = {979E634B-1C12-33C2-A9F4-EA1FD5F99260}
		{7B5061A7-561B-3040-85DB-6A743C63FB8D} = {7B5061A7-561B-3040-85DB-6A743C63FB8D}
		{F1D233CD-2E06-31CF-82C9-46F47228AD07} = {F1D233CD-2E06-31CF-82C9-46F47228AD07}
		{6046756D-65F2-3904-8538-1077A4CBBDFC} = {6046756D-65F2-3904-8538-1077A4CBBDFC}
		{99D55B16-EE01-37A0-B234-82D9EA999323} = {99D55B16-EE01-37A0-B234-82D9EA999323}
	EndProjectSection
EndProject
Project("{8BC9CEB8-8B4A-11D0-8D11-00A0C91BC942}") = "opencv_calib3d_object", "modules\calib3d\opencv_calib3d_object.vcxproj", "{5EEACE4F-EB61-316A-AC0F-539E36900CD8}"
	ProjectSection(ProjectDependencies) = postProject
		{5C816D10-C536-3B37-B91A-3CE6C3537738} = {5C816D10-C536-3B37-B91A-3CE6C3537738}
	EndProjectSection
EndProject
Project("{8BC9CEB8-8B4A-11D0-8D11-00A0C91BC942}") = "opencv_core", "modules\core\opencv_core.vcxproj", "{0B6901DF-3063-3298-9C38-3B67104CB5A0}"
	ProjectSection(ProjectDependencies) = postProject
		{5C816D10-C536-3B37-B91A-3CE6C3537738} = {5C816D10-C536-3B37-B91A-3CE6C3537738}
		{F1D233CD-2E06-31CF-82C9-46F47228AD07} = {F1D233CD-2E06-31CF-82C9-46F47228AD07}
		{81ACB54D-CC01-39C7-8A8E-4FE7545E958A} = {81ACB54D-CC01-39C7-8A8E-4FE7545E958A}
	EndProjectSection
EndProject
Project("{8BC9CEB8-8B4A-11D0-8D11-00A0C91BC942}") = "opencv_core_object", "modules\core\opencv_core_object.vcxproj", "{6EF2F934-BCD1-376D-BF64-AE8D64BCB9ED}"
	ProjectSection(ProjectDependencies) = postProject
		{5C816D10-C536-3B37-B91A-3CE6C3537738} = {5C816D10-C536-3B37-B91A-3CE6C3537738}
	EndProjectSection
EndProject
Project("{8BC9CEB8-8B4A-11D0-8D11-00A0C91BC942}") = "opencv_features2d", "modules\features2d\opencv_features2d.vcxproj", "{979E634B-1C12-33C2-A9F4-EA1FD5F99260}"
	ProjectSection(ProjectDependencies) = postProject
		{5C816D10-C536-3B37-B91A-3CE6C3537738} = {5C816D10-C536-3B37-B91A-3CE6C3537738}
		{0B6901DF-3063-3298-9C38-3B67104CB5A0} = {0B6901DF-3063-3298-9C38-3B67104CB5A0}
		{7B5061A7-561B-3040-85DB-6A743C63FB8D} = {7B5061A7-561B-3040-85DB-6A743C63FB8D}
		{F1D233CD-2E06-31CF-82C9-46F47228AD07} = {F1D233CD-2E06-31CF-82C9-46F47228AD07}
		{6046756D-65F2-3904-8538-1077A4CBBDFC} = {6046756D-65F2-3904-8538-1077A4CBBDFC}
		{99D55B16-EE01-37A0-B234-82D9EA999323} = {99D55B16-EE01-37A0-B234-82D9EA999323}
	EndProjectSection
EndProject
Project("{8BC9CEB8-8B4A-11D0-8D11-00A0C91BC942}") = "opencv_features2d_object", "modules\features2d\opencv_features2d_object.vcxproj", "{2A1C04FB-568C-347D-AC34-A72E95D97BD5}"
	ProjectSection(ProjectDependencies) = postProject
		{5C816D10-C536-3B37-B91A-3CE6C3537738} = {5C816D10-C536-3B37-B91A-3CE6C3537738}
	EndProjectSection
EndProject
Project("{8BC9CEB8-8B4A-11D0-8D11-00A0C91BC942}") = "opencv_flann", "modules\flann\opencv_flann.vcxproj", "{7B5061A7-561B-3040-85DB-6A743C63FB8D}"
	ProjectSection(ProjectDependencies) = postProject
		{5C816D10-C536-3B37-B91A-3CE6C3537738} = {5C816D10-C536-3B37-B91A-3CE6C3537738}
		{0B6901DF-3063-3298-9C38-3B67104CB5A0} = {0B6901DF-3063-3298-9C38-3B67104CB5A0}
		{F1D233CD-2E06-31CF-82C9-46F47228AD07} = {F1D233CD-2E06-31CF-82C9-46F47228AD07}
	EndProjectSection
EndProject
Project("{8BC9CEB8-8B4A-11D0-8D11-00A0C91BC942}") = "opencv_flann_object", "modules\flann\opencv_flann_object.vcxproj", "{7BDACEAC-9EA9-3CBA-A40F-D5743E5C3417}"
	ProjectSection(ProjectDependencies) = postProject
		{5C816D10-C536-3B37-B91A-3CE6C3537738} = {5C816D10-C536-3B37-B91A-3CE6C3537738}
	EndProjectSection
EndProject
Project("{8BC9CEB8-8B4A-11D0-8D11-00A0C91BC942}") = "opencv_hal", "modules\hal\opencv_hal.vcxproj", "{F1D233CD-2E06-31CF-82C9-46F47228AD07}"
	ProjectSection(ProjectDependencies) = postProject
		{5C816D10-C536-3B37-B91A-3CE6C3537738} = {5C816D10-C536-3B37-B91A-3CE6C3537738}
	EndProjectSection
EndProject
Project("{8BC9CEB8-8B4A-11D0-8D11-00A0C91BC942}") = "opencv_hal_object", "modules\hal\opencv_hal_object.vcxproj", "{4B5D9E0B-70FB-3BCF-9D58-5BDC523A0C10}"
	ProjectSection(ProjectDependencies) = postProject
		{5C816D10-C536-3B37-B91A-3CE6C3537738} = {5C816D10-C536-3B37-B91A-3CE6C3537738}
	EndProjectSection
EndProject
Project("{8BC9CEB8-8B4A-11D0-8D11-00A0C91BC942}") = "opencv_imgcodecs", "modules\imgcodecs\opencv_imgcodecs.vcxproj", "{ACA9B782-DABE-341E-85EB-C68A5C3F711D}"
	ProjectSection(ProjectDependencies) = postProject
		{5C816D10-C536-3B37-B91A-3CE6C3537738} = {5C816D10-C536-3B37-B91A-3CE6C3537738}
		{BD2230D9-77C8-3557-92A5-C5CBC8E531E5} = {BD2230D9-77C8-3557-92A5-C5CBC8E531E5}
		{B145F532-5898-3711-9A2B-978D6366E48B} = {B145F532-5898-3711-9A2B-978D6366E48B}
		{1C9CA604-2F71-3B7B-930E-85D45B8FDABA} = {1C9CA604-2F71-3B7B-930E-85D45B8FDABA}
		{D353D531-C65E-3B61-81C8-9A20F51D2FEA} = {D353D531-C65E-3B61-81C8-9A20F51D2FEA}
		{0B6901DF-3063-3298-9C38-3B67104CB5A0} = {0B6901DF-3063-3298-9C38-3B67104CB5A0}
		{F1D233CD-2E06-31CF-82C9-46F47228AD07} = {F1D233CD-2E06-31CF-82C9-46F47228AD07}
		{6046756D-65F2-3904-8538-1077A4CBBDFC} = {6046756D-65F2-3904-8538-1077A4CBBDFC}
		{81ACB54D-CC01-39C7-8A8E-4FE7545E958A} = {81ACB54D-CC01-39C7-8A8E-4FE7545E958A}
	EndProjectSection
EndProject
Project("{8BC9CEB8-8B4A-11D0-8D11-00A0C91BC942}") = "opencv_imgcodecs_object", "modules\imgcodecs\opencv_imgcodecs_object.vcxproj", "{BD7A0212-8377-3F0B-803B-A5E4349AE5A0}"
	ProjectSection(ProjectDependencies) = postProject
		{5C816D10-C536-3B37-B91A-3CE6C3537738} = {5C816D10-C536-3B37-B91A-3CE6C3537738}
	EndProjectSection
EndProject
Project("{8BC9CEB8-8B4A-11D0-8D11-00A0C91BC942}") = "opencv_imgproc", "modules\imgproc\opencv_imgproc.vcxproj", "{6046756D-65F2-3904-8538-1077A4CBBDFC}"
	ProjectSection(ProjectDependencies) = postProject
		{5C816D10-C536-3B37-B91A-3CE6C3537738} = {5C816D10-C536-3B37-B91A-3CE6C3537738}
		{0B6901DF-3063-3298-9C38-3B67104CB5A0} = {0B6901DF-3063-3298-9C38-3B67104CB5A0}
		{F1D233CD-2E06-31CF-82C9-46F47228AD07} = {F1D233CD-2E06-31CF-82C9-46F47228AD07}
	EndProjectSection
EndProject
Project("{8BC9CEB8-8B4A-11D0-8D11-00A0C91BC942}") = "opencv_imgproc_object", "modules\imgproc\opencv_imgproc_object.vcxproj", "{7EA0115C-D218-3B44-897B-05D8F8A29AC3}"
	ProjectSection(ProjectDependencies) = postProject
		{5C816D10-C536-3B37-B91A-3CE6C3537738} = {5C816D10-C536-3B37-B91A-3CE6C3537738}
	EndProjectSection
EndProject
Project("{8BC9CEB8-8B4A-11D0-8D11-00A0C91BC942}") = "opencv_ml", "modules\ml\opencv_ml.vcxproj", "{99D55B16-EE01-37A0-B234-82D9EA999323}"
	ProjectSection(ProjectDependencies) = postProject
		{5C816D10-C536-3B37-B91A-3CE6C3537738} = {5C816D10-C536-3B37-B91A-3CE6C3537738}
		{0B6901DF-3063-3298-9C38-3B67104CB5A0} = {0B6901DF-3063-3298-9C38-3B67104CB5A0}
		{F1D233CD-2E06-31CF-82C9-46F47228AD07} = {F1D233CD-2E06-31CF-82C9-46F47228AD07}
	EndProjectSection
EndProject
Project("{8BC9CEB8-8B4A-11D0-8D11-00A0C91BC942}") = "opencv_ml_object", "modules\ml\opencv_ml_object.vcxproj", "{B4F2F8D4-1C56-3517-957D-8A8A2F448B6E}"
	ProjectSection(ProjectDependencies) = postProject
		{5C816D10-C536-3B37-B91A-3CE6C3537738} = {5C816D10-C536-3B37-B91A-3CE6C3537738}
	EndProjectSection
EndProject
Project("{8BC9CEB8-8B4A-11D0-8D11-00A0C91BC942}") = "opencv_modules", "opencv_modules.vcxproj", "{05018D47-8469-324E-AB5A-801EB8FB8498}"
	ProjectSection(ProjectDependencies) = postProject
		{5C816D10-C536-3B37-B91A-3CE6C3537738} = {5C816D10-C536-3B37-B91A-3CE6C3537738}
		{2258C69E-EACC-3D36-9C27-15048D0CEAD5} = {2258C69E-EACC-3D36-9C27-15048D0CEAD5}
		{8DF3B0B0-48F1-31DC-BFDD-BAD8D74E7DDE} = {8DF3B0B0-48F1-31DC-BFDD-BAD8D74E7DDE}
		{0B6901DF-3063-3298-9C38-3B67104CB5A0} = {0B6901DF-3063-3298-9C38-3B67104CB5A0}
		{979E634B-1C12-33C2-A9F4-EA1FD5F99260} = {979E634B-1C12-33C2-A9F4-EA1FD5F99260}
		{7B5061A7-561B-3040-85DB-6A743C63FB8D} = {7B5061A7-561B-3040-85DB-6A743C63FB8D}
		{F1D233CD-2E06-31CF-82C9-46F47228AD07} = {F1D233CD-2E06-31CF-82C9-46F47228AD07}
		{ACA9B782-DABE-341E-85EB-C68A5C3F711D} = {ACA9B782-DABE-341E-85EB-C68A5C3F711D}
		{6046756D-65F2-3904-8538-1077A4CBBDFC} = {6046756D-65F2-3904-8538-1077A4CBBDFC}
		{99D55B16-EE01-37A0-B234-82D9EA999323} = {99D55B16-EE01-37A0-B234-82D9EA999323}
		{E27D8C96-7CF9-305D-A247-CD4D96DA3A3F} = {E27D8C96-7CF9-305D-A247-CD4D96DA3A3F}
		{D7B952C6-8417-3130-A5D9-7674A6E5520E} = {D7B952C6-8417-3130-A5D9-7674A6E5520E}
		{654D8D64-A448-33EB-8D3A-0FB5F80C9CBD} = {654D8D64-A448-33EB-8D3A-0FB5F80C9CBD}
		{A240A308-7DD0-3B9F-96DB-888AF3DC373C} = {A240A308-7DD0-3B9F-96DB-888AF3DC373C}
		{8CFE4860-2161-30CD-AF9B-423A5717F0EC} = {8CFE4860-2161-30CD-AF9B-423A5717F0EC}
		{AA11520B-8E00-3058-AE16-61B24466140A} = {AA11520B-8E00-3058-AE16-61B24466140A}
		{9AFF5379-D7F5-3052-93E0-362F702C1418} = {9AFF5379-D7F5-3052-93E0-362F702C1418}
		{03A2A4E2-C79C-3921-85EF-77F85133B119} = {03A2A4E2-C79C-3921-85EF-77F85133B119}
		{F9122F10-3D55-31DD-9DE2-C8E829E0F520} = {F9122F10-3D55-31DD-9DE2-C8E829E0F520}
	EndProjectSection
EndProject
Project("{8BC9CEB8-8B4A-11D0-8D11-00A0C91BC942}") = "opencv_objdetect", "modules\objdetect\opencv_objdetect.vcxproj", "{E27D8C96-7CF9-305D-A247-CD4D96DA3A3F}"
	ProjectSection(ProjectDependencies) = postProject
		{5C816D10-C536-3B37-B91A-3CE6C3537738} = {5C816D10-C536-3B37-B91A-3CE6C3537738}
		{0B6901DF-3063-3298-9C38-3B67104CB5A0} = {0B6901DF-3063-3298-9C38-3B67104CB5A0}
		{F1D233CD-2E06-31CF-82C9-46F47228AD07} = {F1D233CD-2E06-31CF-82C9-46F47228AD07}
		{6046756D-65F2-3904-8538-1077A4CBBDFC} = {6046756D-65F2-3904-8538-1077A4CBBDFC}
		{99D55B16-EE01-37A0-B234-82D9EA999323} = {99D55B16-EE01-37A0-B234-82D9EA999323}
	EndProjectSection
EndProject
Project("{8BC9CEB8-8B4A-11D0-8D11-00A0C91BC942}") = "opencv_objdetect_object", "modules\objdetect\opencv_objdetect_object.vcxproj", "{0A49F3AF-2F76-3648-84C8-14F0E36221C8}"
	ProjectSection(ProjectDependencies) = postProject
		{5C816D10-C536-3B37-B91A-3CE6C3537738} = {5C816D10-C536-3B37-B91A-3CE6C3537738}
	EndProjectSection
EndProject
Project("{8BC9CEB8-8B4A-11D0-8D11-00A0C91BC942}") = "opencv_perf_bioinspired", "modules\bioinspired\opencv_perf_bioinspired.vcxproj", "{924EFB06-B3F6-32D4-BABB-6F6D4FB4D678}"
	ProjectSection(ProjectDependencies) = postProject
		{5C816D10-C536-3B37-B91A-3CE6C3537738} = {5C816D10-C536-3B37-B91A-3CE6C3537738}
		{2258C69E-EACC-3D36-9C27-15048D0CEAD5} = {2258C69E-EACC-3D36-9C27-15048D0CEAD5}
		{0B6901DF-3063-3298-9C38-3B67104CB5A0} = {0B6901DF-3063-3298-9C38-3B67104CB5A0}
		{F1D233CD-2E06-31CF-82C9-46F47228AD07} = {F1D233CD-2E06-31CF-82C9-46F47228AD07}
		{ACA9B782-DABE-341E-85EB-C68A5C3F711D} = {ACA9B782-DABE-341E-85EB-C68A5C3F711D}
		{6046756D-65F2-3904-8538-1077A4CBBDFC} = {6046756D-65F2-3904-8538-1077A4CBBDFC}
		{AA11520B-8E00-3058-AE16-61B24466140A} = {AA11520B-8E00-3058-AE16-61B24466140A}
		{03A2A4E2-C79C-3921-85EF-77F85133B119} = {03A2A4E2-C79C-3921-85EF-77F85133B119}
	EndProjectSection
EndProject
Project("{8BC9CEB8-8B4A-11D0-8D11-00A0C91BC942}") = "opencv_perf_calib3d", "modules\calib3d\opencv_perf_calib3d.vcxproj", "{E13ED7F4-8E22-34A6-957A-965611C71DE4}"
	ProjectSection(ProjectDependencies) = postProject
		{5C816D10-C536-3B37-B91A-3CE6C3537738} = {5C816D10-C536-3B37-B91A-3CE6C3537738}
		{8DF3B0B0-48F1-31DC-BFDD-BAD8D74E7DDE} = {8DF3B0B0-48F1-31DC-BFDD-BAD8D74E7DDE}
		{0B6901DF-3063-3298-9C38-3B67104CB5A0} = {0B6901DF-3063-3298-9C38-3B67104CB5A0}
		{979E634B-1C12-33C2-A9F4-EA1FD5F99260} = {979E634B-1C12-33C2-A9F4-EA1FD5F99260}
		{7B5061A7-561B-3040-85DB-6A743C63FB8D} = {7B5061A7-561B-3040-85DB-6A743C63FB8D}
		{F1D233CD-2E06-31CF-82C9-46F47228AD07} = {F1D233CD-2E06-31CF-82C9-46F47228AD07}
		{ACA9B782-DABE-341E-85EB-C68A5C3F711D} = {ACA9B782-DABE-341E-85EB-C68A5C3F711D}
		{6046756D-65F2-3904-8538-1077A4CBBDFC} = {6046756D-65F2-3904-8538-1077A4CBBDFC}
		{99D55B16-EE01-37A0-B234-82D9EA999323} = {99D55B16-EE01-37A0-B234-82D9EA999323}
		{AA11520B-8E00-3058-AE16-61B24466140A} = {AA11520B-8E00-3058-AE16-61B24466140A}
		{03A2A4E2-C79C-3921-85EF-77F85133B119} = {03A2A4E2-C79C-3921-85EF-77F85133B119}
	EndProjectSection
EndProject
Project("{8BC9CEB8-8B4A-11D0-8D11-00A0C91BC942}") = "opencv_perf_core", "modules\core\opencv_perf_core.vcxproj", "{EC789AED-E954-3EF7-A2E2-DB6A5547DDF9}"
	ProjectSection(ProjectDependencies) = postProject
		{5C816D10-C536-3B37-B91A-3CE6C3537738} = {5C816D10-C536-3B37-B91A-3CE6C3537738}
		{0B6901DF-3063-3298-9C38-3B67104CB5A0} = {0B6901DF-3063-3298-9C38-3B67104CB5A0}
		{F1D233CD-2E06-31CF-82C9-46F47228AD07} = {F1D233CD-2E06-31CF-82C9-46F47228AD07}
		{ACA9B782-DABE-341E-85EB-C68A5C3F711D} = {ACA9B782-DABE-341E-85EB-C68A5C3F711D}
		{6046756D-65F2-3904-8538-1077A4CBBDFC} = {6046756D-65F2-3904-8538-1077A4CBBDFC}
		{AA11520B-8E00-3058-AE16-61B24466140A} = {AA11520B-8E00-3058-AE16-61B24466140A}
		{03A2A4E2-C79C-3921-85EF-77F85133B119} = {03A2A4E2-C79C-3921-85EF-77F85133B119}
	EndProjectSection
EndProject
Project("{8BC9CEB8-8B4A-11D0-8D11-00A0C91BC942}") = "opencv_perf_features2d", "modules\features2d\opencv_perf_features2d.vcxproj", "{0361CE99-367B-3EAC-A7D5-E2C63777BFEB}"
	ProjectSection(ProjectDependencies) = postProject
		{5C816D10-C536-3B37-B91A-3CE6C3537738} = {5C816D10-C536-3B37-B91A-3CE6C3537738}
		{0B6901DF-3063-3298-9C38-3B67104CB5A0} = {0B6901DF-3063-3298-9C38-3B67104CB5A0}
		{979E634B-1C12-33C2-A9F4-EA1FD5F99260} = {979E634B-1C12-33C2-A9F4-EA1FD5F99260}
		{7B5061A7-561B-3040-85DB-6A743C63FB8D} = {7B5061A7-561B-3040-85DB-6A743C63FB8D}
		{F1D233CD-2E06-31CF-82C9-46F47228AD07} = {F1D233CD-2E06-31CF-82C9-46F47228AD07}
		{ACA9B782-DABE-341E-85EB-C68A5C3F711D} = {ACA9B782-DABE-341E-85EB-C68A5C3F711D}
		{6046756D-65F2-3904-8538-1077A4CBBDFC} = {6046756D-65F2-3904-8538-1077A4CBBDFC}
		{99D55B16-EE01-37A0-B234-82D9EA999323} = {99D55B16-EE01-37A0-B234-82D9EA999323}
		{AA11520B-8E00-3058-AE16-61B24466140A} = {AA11520B-8E00-3058-AE16-61B24466140A}
		{03A2A4E2-C79C-3921-85EF-77F85133B119} = {03A2A4E2-C79C-3921-85EF-77F85133B119}
	EndProjectSection
EndProject
Project("{8BC9CEB8-8B4A-11D0-8D11-00A0C91BC942}") = "opencv_perf_imgcodecs", "modules\imgcodecs\opencv_perf_imgcodecs.vcxproj", "{A34B9339-3300-3EA8-8A0B-95E646E0EAD5}"
	ProjectSection(ProjectDependencies) = postProject
		{5C816D10-C536-3B37-B91A-3CE6C3537738} = {5C816D10-C536-3B37-B91A-3CE6C3537738}
		{0B6901DF-3063-3298-9C38-3B67104CB5A0} = {0B6901DF-3063-3298-9C38-3B67104CB5A0}
		{F1D233CD-2E06-31CF-82C9-46F47228AD07} = {F1D233CD-2E06-31CF-82C9-46F47228AD07}
		{ACA9B782-DABE-341E-85EB-C68A5C3F711D} = {ACA9B782-DABE-341E-85EB-C68A5C3F711D}
		{6046756D-65F2-3904-8538-1077A4CBBDFC} = {6046756D-65F2-3904-8538-1077A4CBBDFC}
		{AA11520B-8E00-3058-AE16-61B24466140A} = {AA11520B-8E00-3058-AE16-61B24466140A}
		{03A2A4E2-C79C-3921-85EF-77F85133B119} = {03A2A4E2-C79C-3921-85EF-77F85133B119}
	EndProjectSection
EndProject
Project("{8BC9CEB8-8B4A-11D0-8D11-00A0C91BC942}") = "opencv_perf_imgproc", "modules\imgproc\opencv_perf_imgproc.vcxproj", "{B4560204-DCE6-31E3-B47C-C98B9FD580EE}"
	ProjectSection(ProjectDependencies) = postProject
		{5C816D10-C536-3B37-B91A-3CE6C3537738} = {5C816D10-C536-3B37-B91A-3CE6C3537738}
		{0B6901DF-3063-3298-9C38-3B67104CB5A0} = {0B6901DF-3063-3298-9C38-3B67104CB5A0}
		{F1D233CD-2E06-31CF-82C9-46F47228AD07} = {F1D233CD-2E06-31CF-82C9-46F47228AD07}
		{ACA9B782-DABE-341E-85EB-C68A5C3F711D} = {ACA9B782-DABE-341E-85EB-C68A5C3F711D}
		{6046756D-65F2-3904-8538-1077A4CBBDFC} = {6046756D-65F2-3904-8538-1077A4CBBDFC}
		{AA11520B-8E00-3058-AE16-61B24466140A} = {AA11520B-8E00-3058-AE16-61B24466140A}
		{03A2A4E2-C79C-3921-85EF-77F85133B119} = {03A2A4E2-C79C-3921-85EF-77F85133B119}
	EndProjectSection
EndProject
Project("{8BC9CEB8-8B4A-11D0-8D11-00A0C91BC942}") = "opencv_perf_objdetect", "modules\objdetect\opencv_perf_objdetect.vcxproj", "{FF4D8D74-999D-33FA-8038-98B8513FB48C}"
	ProjectSection(ProjectDependencies) = postProject
		{5C816D10-C536-3B37-B91A-3CE6C3537738} = {5C816D10-C536-3B37-B91A-3CE6C3537738}
		{0B6901DF-3063-3298-9C38-3B67104CB5A0} = {0B6901DF-3063-3298-9C38-3B67104CB5A0}
		{F1D233CD-2E06-31CF-82C9-46F47228AD07} = {F1D233CD-2E06-31CF-82C9-46F47228AD07}
		{ACA9B782-DABE-341E-85EB-C68A5C3F711D} = {ACA9B782-DABE-341E-85EB-C68A5C3F711D}
		{6046756D-65F2-3904-8538-1077A4CBBDFC} = {6046756D-65F2-3904-8538-1077A4CBBDFC}
		{99D55B16-EE01-37A0-B234-82D9EA999323} = {99D55B16-EE01-37A0-B234-82D9EA999323}
		{E27D8C96-7CF9-305D-A247-CD4D96DA3A3F} = {E27D8C96-7CF9-305D-A247-CD4D96DA3A3F}
		{AA11520B-8E00-3058-AE16-61B24466140A} = {AA11520B-8E00-3058-AE16-61B24466140A}
		{03A2A4E2-C79C-3921-85EF-77F85133B119} = {03A2A4E2-C79C-3921-85EF-77F85133B119}
	EndProjectSection
EndProject
Project("{8BC9CEB8-8B4A-11D0-8D11-00A0C91BC942}") = "opencv_perf_photo", "modules\photo\opencv_perf_photo.vcxproj", "{EFC94FCB-B9F3-315B-AA7D-5C254CC23A6B}"
	ProjectSection(ProjectDependencies) = postProject
		{5C816D10-C536-3B37-B91A-3CE6C3537738} = {5C816D10-C536-3B37-B91A-3CE6C3537738}
		{0B6901DF-3063-3298-9C38-3B67104CB5A0} = {0B6901DF-3063-3298-9C38-3B67104CB5A0}
		{F1D233CD-2E06-31CF-82C9-46F47228AD07} = {F1D233CD-2E06-31CF-82C9-46F47228AD07}
		{ACA9B782-DABE-341E-85EB-C68A5C3F711D} = {ACA9B782-DABE-341E-85EB-C68A5C3F711D}
		{6046756D-65F2-3904-8538-1077A4CBBDFC} = {6046756D-65F2-3904-8538-1077A4CBBDFC}
		{D7B952C6-8417-3130-A5D9-7674A6E5520E} = {D7B952C6-8417-3130-A5D9-7674A6E5520E}
		{AA11520B-8E00-3058-AE16-61B24466140A} = {AA11520B-8E00-3058-AE16-61B24466140A}
		{03A2A4E2-C79C-3921-85EF-77F85133B119} = {03A2A4E2-C79C-3921-85EF-77F85133B119}
	EndProjectSection
EndProject
Project("{8BC9CEB8-8B4A-11D0-8D11-00A0C91BC942}") = "opencv_perf_reg", "modules\reg\opencv_perf_reg.vcxproj", "{2C2EE817-C331-331D-9785-3CC94DFC0565}"
	ProjectSection(ProjectDependencies) = postProject
		{5C816D10-C536-3B37-B91A-3CE6C3537738} = {5C816D10-C536-3B37-B91A-3CE6C3537738}
		{0B6901DF-3063-3298-9C38-3B67104CB5A0} = {0B6901DF-3063-3298-9C38-3B67104CB5A0}
		{F1D233CD-2E06-31CF-82C9-46F47228AD07} = {F1D233CD-2E06-31CF-82C9-46F47228AD07}
		{ACA9B782-DABE-341E-85EB-C68A5C3F711D} = {ACA9B782-DABE-341E-85EB-C68A5C3F711D}
		{6046756D-65F2-3904-8538-1077A4CBBDFC} = {6046756D-65F2-3904-8538-1077A4CBBDFC}
		{654D8D64-A448-33EB-8D3A-0FB5F80C9CBD} = {654D8D64-A448-33EB-8D3A-0FB5F80C9CBD}
		{AA11520B-8E00-3058-AE16-61B24466140A} = {AA11520B-8E00-3058-AE16-61B24466140A}
		{03A2A4E2-C79C-3921-85EF-77F85133B119} = {03A2A4E2-C79C-3921-85EF-77F85133B119}
	EndProjectSection
EndProject
Project("{8BC9CEB8-8B4A-11D0-8D11-00A0C91BC942}") = "opencv_perf_stitching", "modules\stitching\opencv_perf_stitching.vcxproj", "{7968FDCD-19E8-327F-912C-0AE7928D5A56}"
	ProjectSection(ProjectDependencies) = postProject
		{5C816D10-C536-3B37-B91A-3CE6C3537738} = {5C816D10-C536-3B37-B91A-3CE6C3537738}
		{8DF3B0B0-48F1-31DC-BFDD-BAD8D74E7DDE} = {8DF3B0B0-48F1-31DC-BFDD-BAD8D74E7DDE}
		{0B6901DF-3063-3298-9C38-3B67104CB5A0} = {0B6901DF-3063-3298-9C38-3B67104CB5A0}
		{979E634B-1C12-33C2-A9F4-EA1FD5F99260} = {979E634B-1C12-33C2-A9F4-EA1FD5F99260}
		{7B5061A7-561B-3040-85DB-6A743C63FB8D} = {7B5061A7-561B-3040-85DB-6A743C63FB8D}
		{F1D233CD-2E06-31CF-82C9-46F47228AD07} = {F1D233CD-2E06-31CF-82C9-46F47228AD07}
		{ACA9B782-DABE-341E-85EB-C68A5C3F711D} = {ACA9B782-DABE-341E-85EB-C68A5C3F711D}
		{6046756D-65F2-3904-8538-1077A4CBBDFC} = {6046756D-65F2-3904-8538-1077A4CBBDFC}
		{99D55B16-EE01-37A0-B234-82D9EA999323} = {99D55B16-EE01-37A0-B234-82D9EA999323}
		{E27D8C96-7CF9-305D-A247-CD4D96DA3A3F} = {E27D8C96-7CF9-305D-A247-CD4D96DA3A3F}
		{8CFE4860-2161-30CD-AF9B-423A5717F0EC} = {8CFE4860-2161-30CD-AF9B-423A5717F0EC}
		{AA11520B-8E00-3058-AE16-61B24466140A} = {AA11520B-8E00-3058-AE16-61B24466140A}
		{03A2A4E2-C79C-3921-85EF-77F85133B119} = {03A2A4E2-C79C-3921-85EF-77F85133B119}
	EndProjectSection
EndProject
Project("{8BC9CEB8-8B4A-11D0-8D11-00A0C91BC942}") = "opencv_perf_tests", "opencv_perf_tests.vcxproj", "{4C94B817-E81F-3653-BC9D-A13D3AA6E3CF}"
	ProjectSection(ProjectDependencies) = postProject
		{5C816D10-C536-3B37-B91A-3CE6C3537738} = {5C816D10-C536-3B37-B91A-3CE6C3537738}
		{924EFB06-B3F6-32D4-BABB-6F6D4FB4D678} = {924EFB06-B3F6-32D4-BABB-6F6D4FB4D678}
		{E13ED7F4-8E22-34A6-957A-965611C71DE4} = {E13ED7F4-8E22-34A6-957A-965611C71DE4}
		{EC789AED-E954-3EF7-A2E2-DB6A5547DDF9} = {EC789AED-E954-3EF7-A2E2-DB6A5547DDF9}
		{0361CE99-367B-3EAC-A7D5-E2C63777BFEB} = {0361CE99-367B-3EAC-A7D5-E2C63777BFEB}
		{A34B9339-3300-3EA8-8A0B-95E646E0EAD5} = {A34B9339-3300-3EA8-8A0B-95E646E0EAD5}
		{B4560204-DCE6-31E3-B47C-C98B9FD580EE} = {B4560204-DCE6-31E3-B47C-C98B9FD580EE}
		{FF4D8D74-999D-33FA-8038-98B8513FB48C} = {FF4D8D74-999D-33FA-8038-98B8513FB48C}
		{EFC94FCB-B9F3-315B-AA7D-5C254CC23A6B} = {EFC94FCB-B9F3-315B-AA7D-5C254CC23A6B}
		{2C2EE817-C331-331D-9785-3CC94DFC0565} = {2C2EE817-C331-331D-9785-3CC94DFC0565}
		{7968FDCD-19E8-327F-912C-0AE7928D5A56} = {7968FDCD-19E8-327F-912C-0AE7928D5A56}
		{ED50DEFC-0AEB-37CA-98A0-D5867152CE9D} = {ED50DEFC-0AEB-37CA-98A0-D5867152CE9D}
		{1D512798-8BBF-36CF-9FA3-FF7BE467ECD9} = {1D512798-8BBF-36CF-9FA3-FF7BE467ECD9}
	EndProjectSection
EndProject
Project("{8BC9CEB8-8B4A-11D0-8D11-00A0C91BC942}") = "opencv_perf_video", "modules\video\opencv_perf_video.vcxproj", "{ED50DEFC-0AEB-37CA-98A0-D5867152CE9D}"
	ProjectSection(ProjectDependencies) = postProject
		{5C816D10-C536-3B37-B91A-3CE6C3537738} = {5C816D10-C536-3B37-B91A-3CE6C3537738}
		{0B6901DF-3063-3298-9C38-3B67104CB5A0} = {0B6901DF-3063-3298-9C38-3B67104CB5A0}
		{F1D233CD-2E06-31CF-82C9-46F47228AD07} = {F1D233CD-2E06-31CF-82C9-46F47228AD07}
		{ACA9B782-DABE-341E-85EB-C68A5C3F711D} = {ACA9B782-DABE-341E-85EB-C68A5C3F711D}
		{6046756D-65F2-3904-8538-1077A4CBBDFC} = {6046756D-65F2-3904-8538-1077A4CBBDFC}
		{AA11520B-8E00-3058-AE16-61B24466140A} = {AA11520B-8E00-3058-AE16-61B24466140A}
		{9AFF5379-D7F5-3052-93E0-362F702C1418} = {9AFF5379-D7F5-3052-93E0-362F702C1418}
		{03A2A4E2-C79C-3921-85EF-77F85133B119} = {03A2A4E2-C79C-3921-85EF-77F85133B119}
	EndProjectSection
EndProject
Project("{8BC9CEB8-8B4A-11D0-8D11-00A0C91BC942}") = "opencv_perf_videoio", "modules\videoio\opencv_perf_videoio.vcxproj", "{1D512798-8BBF-36CF-9FA3-FF7BE467ECD9}"
	ProjectSection(ProjectDependencies) = postProject
		{5C816D10-C536-3B37-B91A-3CE6C3537738} = {5C816D10-C536-3B37-B91A-3CE6C3537738}
		{0B6901DF-3063-3298-9C38-3B67104CB5A0} = {0B6901DF-3063-3298-9C38-3B67104CB5A0}
		{F1D233CD-2E06-31CF-82C9-46F47228AD07} = {F1D233CD-2E06-31CF-82C9-46F47228AD07}
		{ACA9B782-DABE-341E-85EB-C68A5C3F711D} = {ACA9B782-DABE-341E-85EB-C68A5C3F711D}
		{6046756D-65F2-3904-8538-1077A4CBBDFC} = {6046756D-65F2-3904-8538-1077A4CBBDFC}
		{AA11520B-8E00-3058-AE16-61B24466140A} = {AA11520B-8E00-3058-AE16-61B24466140A}
		{03A2A4E2-C79C-3921-85EF-77F85133B119} = {03A2A4E2-C79C-3921-85EF-77F85133B119}
	EndProjectSection
EndProject
Project("{8BC9CEB8-8B4A-11D0-8D11-00A0C91BC942}") = "opencv_photo", "modules\photo\opencv_photo.vcxproj", "{D7B952C6-8417-3130-A5D9-7674A6E5520E}"
	ProjectSection(ProjectDependencies) = postProject
		{5C816D10-C536-3B37-B91A-3CE6C3537738} = {5C816D10-C536-3B37-B91A-3CE6C3537738}
		{0B6901DF-3063-3298-9C38-3B67104CB5A0} = {0B6901DF-3063-3298-9C38-3B67104CB5A0}
		{F1D233CD-2E06-31CF-82C9-46F47228AD07} = {F1D233CD-2E06-31CF-82C9-46F47228AD07}
		{6046756D-65F2-3904-8538-1077A4CBBDFC} = {6046756D-65F2-3904-8538-1077A4CBBDFC}
	EndProjectSection
EndProject
Project("{8BC9CEB8-8B4A-11D0-8D11-00A0C91BC942}") = "opencv_photo_object", "modules\photo\opencv_photo_object.vcxproj", "{0DFDBAA7-C5C6-3256-B673-EF7ACEE66C54}"
	ProjectSection(ProjectDependencies) = postProject
		{5C816D10-C536-3B37-B91A-3CE6C3537738} = {5C816D10-C536-3B37-B91A-3CE6C3537738}
	EndProjectSection
EndProject
Project("{8BC9CEB8-8B4A-11D0-8D11-00A0C91BC942}") = "opencv_reg", "modules\reg\opencv_reg.vcxproj", "{654D8D64-A448-33EB-8D3A-0FB5F80C9CBD}"
	ProjectSection(ProjectDependencies) = postProject
		{5C816D10-C536-3B37-B91A-3CE6C3537738} = {5C816D10-C536-3B37-B91A-3CE6C3537738}
		{0B6901DF-3063-3298-9C38-3B67104CB5A0} = {0B6901DF-3063-3298-9C38-3B67104CB5A0}
		{F1D233CD-2E06-31CF-82C9-46F47228AD07} = {F1D233CD-2E06-31CF-82C9-46F47228AD07}
		{6046756D-65F2-3904-8538-1077A4CBBDFC} = {6046756D-65F2-3904-8538-1077A4CBBDFC}
	EndProjectSection
EndProject
Project("{8BC9CEB8-8B4A-11D0-8D11-00A0C91BC942}") = "opencv_reg_object", "modules\reg\opencv_reg_object.vcxproj", "{2CBF40E0-F1D5-3982-BA4A-E11BB91E9DD8}"
	ProjectSection(ProjectDependencies) = postProject
		{5C816D10-C536-3B37-B91A-3CE6C3537738} = {5C816D10-C536-3B37-B91A-3CE6C3537738}
	EndProjectSection
EndProject
Project("{8BC9CEB8-8B4A-11D0-8D11-00A0C91BC942}") = "opencv_shape", "modules\shape\opencv_shape.vcxproj", "{A240A308-7DD0-3B9F-96DB-888AF3DC373C}"
	ProjectSection(ProjectDependencies) = postProject
		{5C816D10-C536-3B37-B91A-3CE6C3537738} = {5C816D10-C536-3B37-B91A-3CE6C3537738}
		{0B6901DF-3063-3298-9C38-3B67104CB5A0} = {0B6901DF-3063-3298-9C38-3B67104CB5A0}
		{F1D233CD-2E06-31CF-82C9-46F47228AD07} = {F1D233CD-2E06-31CF-82C9-46F47228AD07}
		{6046756D-65F2-3904-8538-1077A4CBBDFC} = {6046756D-65F2-3904-8538-1077A4CBBDFC}
		{9AFF5379-D7F5-3052-93E0-362F702C1418} = {9AFF5379-D7F5-3052-93E0-362F702C1418}
	EndProjectSection
EndProject
Project("{8BC9CEB8-8B4A-11D0-8D11-00A0C91BC942}") = "opencv_shape_object", "modules\shape\opencv_shape_object.vcxproj", "{D3BD9E20-9579-363B-804A-79D47133CA5B}"
	ProjectSection(ProjectDependencies) = postProject
		{5C816D10-C536-3B37-B91A-3CE6C3537738} = {5C816D10-C536-3B37-B91A-3CE6C3537738}
	EndProjectSection
EndProject
Project("{8BC9CEB8-8B4A-11D0-8D11-00A0C91BC942}") = "opencv_stitching", "modules\stitching\opencv_stitching.vcxproj", "{8CFE4860-2161-30CD-AF9B-423A5717F0EC}"
	ProjectSection(ProjectDependencies) = postProject
		{5C816D10-C536-3B37-B91A-3CE6C3537738} = {5C816D10-C536-3B37-B91A-3CE6C3537738}
		{8DF3B0B0-48F1-31DC-BFDD-BAD8D74E7DDE} = {8DF3B0B0-48F1-31DC-BFDD-BAD8D74E7DDE}
		{0B6901DF-3063-3298-9C38-3B67104CB5A0} = {0B6901DF-3063-3298-9C38-3B67104CB5A0}
		{979E634B-1C12-33C2-A9F4-EA1FD5F99260} = {979E634B-1C12-33C2-A9F4-EA1FD5F99260}
		{7B5061A7-561B-3040-85DB-6A743C63FB8D} = {7B5061A7-561B-3040-85DB-6A743C63FB8D}
		{F1D233CD-2E06-31CF-82C9-46F47228AD07} = {F1D233CD-2E06-31CF-82C9-46F47228AD07}
		{6046756D-65F2-3904-8538-1077A4CBBDFC} = {6046756D-65F2-3904-8538-1077A4CBBDFC}
		{99D55B16-EE01-37A0-B234-82D9EA999323} = {99D55B16-EE01-37A0-B234-82D9EA999323}
		{E27D8C96-7CF9-305D-A247-CD4D96DA3A3F} = {E27D8C96-7CF9-305D-A247-CD4D96DA3A3F}
	EndProjectSection
EndProject
Project("{8BC9CEB8-8B4A-11D0-8D11-00A0C91BC942}") = "opencv_stitching_object", "modules\stitching\opencv_stitching_object.vcxproj", "{5D9E94C1-1674-35DA-A5BB-92155D2E29EF}"
	ProjectSection(ProjectDependencies) = postProject
		{5C816D10-C536-3B37-B91A-3CE6C3537738} = {5C816D10-C536-3B37-B91A-3CE6C3537738}
	EndProjectSection
EndProject
Project("{8BC9CEB8-8B4A-11D0-8D11-00A0C91BC942}") = "opencv_test_bioinspired", "modules\bioinspired\opencv_test_bioinspired.vcxproj", "{FD86AAD8-960E-3B40-A1DB-C325C347C704}"
	ProjectSection(ProjectDependencies) = postProject
		{5C816D10-C536-3B37-B91A-3CE6C3537738} = {5C816D10-C536-3B37-B91A-3CE6C3537738}
		{2258C69E-EACC-3D36-9C27-15048D0CEAD5} = {2258C69E-EACC-3D36-9C27-15048D0CEAD5}
		{0B6901DF-3063-3298-9C38-3B67104CB5A0} = {0B6901DF-3063-3298-9C38-3B67104CB5A0}
		{F1D233CD-2E06-31CF-82C9-46F47228AD07} = {F1D233CD-2E06-31CF-82C9-46F47228AD07}
		{ACA9B782-DABE-341E-85EB-C68A5C3F711D} = {ACA9B782-DABE-341E-85EB-C68A5C3F711D}
		{6046756D-65F2-3904-8538-1077A4CBBDFC} = {6046756D-65F2-3904-8538-1077A4CBBDFC}
		{AA11520B-8E00-3058-AE16-61B24466140A} = {AA11520B-8E00-3058-AE16-61B24466140A}
		{03A2A4E2-C79C-3921-85EF-77F85133B119} = {03A2A4E2-C79C-3921-85EF-77F85133B119}
	EndProjectSection
EndProject
Project("{8BC9CEB8-8B4A-11D0-8D11-00A0C91BC942}") = "opencv_test_calib3d", "modules\calib3d\opencv_test_calib3d.vcxproj", "{A1BD384B-D33F-3204-8E28-985D3EFD730F}"
	ProjectSection(ProjectDependencies) = postProject
		{5C816D10-C536-3B37-B91A-3CE6C3537738} = {5C816D10-C536-3B37-B91A-3CE6C3537738}
		{8DF3B0B0-48F1-31DC-BFDD-BAD8D74E7DDE} = {8DF3B0B0-48F1-31DC-BFDD-BAD8D74E7DDE}
		{0B6901DF-3063-3298-9C38-3B67104CB5A0} = {0B6901DF-3063-3298-9C38-3B67104CB5A0}
		{979E634B-1C12-33C2-A9F4-EA1FD5F99260} = {979E634B-1C12-33C2-A9F4-EA1FD5F99260}
		{7B5061A7-561B-3040-85DB-6A743C63FB8D} = {7B5061A7-561B-3040-85DB-6A743C63FB8D}
		{F1D233CD-2E06-31CF-82C9-46F47228AD07} = {F1D233CD-2E06-31CF-82C9-46F47228AD07}
		{ACA9B782-DABE-341E-85EB-C68A5C3F711D} = {ACA9B782-DABE-341E-85EB-C68A5C3F711D}
		{6046756D-65F2-3904-8538-1077A4CBBDFC} = {6046756D-65F2-3904-8538-1077A4CBBDFC}
		{99D55B16-EE01-37A0-B234-82D9EA999323} = {99D55B16-EE01-37A0-B234-82D9EA999323}
		{AA11520B-8E00-3058-AE16-61B24466140A} = {AA11520B-8E00-3058-AE16-61B24466140A}
		{03A2A4E2-C79C-3921-85EF-77F85133B119} = {03A2A4E2-C79C-3921-85EF-77F85133B119}
	EndProjectSection
EndProject
Project("{8BC9CEB8-8B4A-11D0-8D11-00A0C91BC942}") = "opencv_test_core", "modules\core\opencv_test_core.vcxproj", "{ADD6E154-100E-3D4B-BAE1-D870E01EA834}"
	ProjectSection(ProjectDependencies) = postProject
		{5C816D10-C536-3B37-B91A-3CE6C3537738} = {5C816D10-C536-3B37-B91A-3CE6C3537738}
		{0B6901DF-3063-3298-9C38-3B67104CB5A0} = {0B6901DF-3063-3298-9C38-3B67104CB5A0}
		{F1D233CD-2E06-31CF-82C9-46F47228AD07} = {F1D233CD-2E06-31CF-82C9-46F47228AD07}
		{ACA9B782-DABE-341E-85EB-C68A5C3F711D} = {ACA9B782-DABE-341E-85EB-C68A5C3F711D}
		{6046756D-65F2-3904-8538-1077A4CBBDFC} = {6046756D-65F2-3904-8538-1077A4CBBDFC}
		{AA11520B-8E00-3058-AE16-61B24466140A} = {AA11520B-8E00-3058-AE16-61B24466140A}
		{03A2A4E2-C79C-3921-85EF-77F85133B119} = {03A2A4E2-C79C-3921-85EF-77F85133B119}
	EndProjectSection
EndProject
Project("{8BC9CEB8-8B4A-11D0-8D11-00A0C91BC942}") = "opencv_test_features2d", "modules\features2d\opencv_test_features2d.vcxproj", "{295DA531-3669-3613-ACCE-1B920B3F875A}"
	ProjectSection(ProjectDependencies) = postProject
		{5C816D10-C536-3B37-B91A-3CE6C3537738} = {5C816D10-C536-3B37-B91A-3CE6C3537738}
		{0B6901DF-3063-3298-9C38-3B67104CB5A0} = {0B6901DF-3063-3298-9C38-3B67104CB5A0}
		{979E634B-1C12-33C2-A9F4-EA1FD5F99260} = {979E634B-1C12-33C2-A9F4-EA1FD5F99260}
		{7B5061A7-561B-3040-85DB-6A743C63FB8D} = {7B5061A7-561B-3040-85DB-6A743C63FB8D}
		{F1D233CD-2E06-31CF-82C9-46F47228AD07} = {F1D233CD-2E06-31CF-82C9-46F47228AD07}
		{ACA9B782-DABE-341E-85EB-C68A5C3F711D} = {ACA9B782-DABE-341E-85EB-C68A5C3F711D}
		{6046756D-65F2-3904-8538-1077A4CBBDFC} = {6046756D-65F2-3904-8538-1077A4CBBDFC}
		{99D55B16-EE01-37A0-B234-82D9EA999323} = {99D55B16-EE01-37A0-B234-82D9EA999323}
		{AA11520B-8E00-3058-AE16-61B24466140A} = {AA11520B-8E00-3058-AE16-61B24466140A}
		{03A2A4E2-C79C-3921-85EF-77F85133B119} = {03A2A4E2-C79C-3921-85EF-77F85133B119}
	EndProjectSection
EndProject
Project("{8BC9CEB8-8B4A-11D0-8D11-00A0C91BC942}") = "opencv_test_flann", "modules\flann\opencv_test_flann.vcxproj", "{DFBD73CF-FA8F-3DE2-992F-D8AA504248D6}"
	ProjectSection(ProjectDependencies) = postProject
		{5C816D10-C536-3B37-B91A-3CE6C3537738} = {5C816D10-C536-3B37-B91A-3CE6C3537738}
		{0B6901DF-3063-3298-9C38-3B67104CB5A0} = {0B6901DF-3063-3298-9C38-3B67104CB5A0}
		{7B5061A7-561B-3040-85DB-6A743C63FB8D} = {7B5061A7-561B-3040-85DB-6A743C63FB8D}
		{F1D233CD-2E06-31CF-82C9-46F47228AD07} = {F1D233CD-2E06-31CF-82C9-46F47228AD07}
		{ACA9B782-DABE-341E-85EB-C68A5C3F711D} = {ACA9B782-DABE-341E-85EB-C68A5C3F711D}
		{6046756D-65F2-3904-8538-1077A4CBBDFC} = {6046756D-65F2-3904-8538-1077A4CBBDFC}
		{AA11520B-8E00-3058-AE16-61B24466140A} = {AA11520B-8E00-3058-AE16-61B24466140A}
		{03A2A4E2-C79C-3921-85EF-77F85133B119} = {03A2A4E2-C79C-3921-85EF-77F85133B119}
	EndProjectSection
EndProject
Project("{8BC9CEB8-8B4A-11D0-8D11-00A0C91BC942}") = "opencv_test_imgcodecs", "modules\imgcodecs\opencv_test_imgcodecs.vcxproj", "{3C4F20ED-FF23-36D1-99D2-F3B973CC7C9F}"
	ProjectSection(ProjectDependencies) = postProject
		{5C816D10-C536-3B37-B91A-3CE6C3537738} = {5C816D10-C536-3B37-B91A-3CE6C3537738}
		{0B6901DF-3063-3298-9C38-3B67104CB5A0} = {0B6901DF-3063-3298-9C38-3B67104CB5A0}
		{F1D233CD-2E06-31CF-82C9-46F47228AD07} = {F1D233CD-2E06-31CF-82C9-46F47228AD07}
		{ACA9B782-DABE-341E-85EB-C68A5C3F711D} = {ACA9B782-DABE-341E-85EB-C68A5C3F711D}
		{6046756D-65F2-3904-8538-1077A4CBBDFC} = {6046756D-65F2-3904-8538-1077A4CBBDFC}
		{AA11520B-8E00-3058-AE16-61B24466140A} = {AA11520B-8E00-3058-AE16-61B24466140A}
		{03A2A4E2-C79C-3921-85EF-77F85133B119} = {03A2A4E2-C79C-3921-85EF-77F85133B119}
	EndProjectSection
EndProject
Project("{8BC9CEB8-8B4A-11D0-8D11-00A0C91BC942}") = "opencv_test_imgproc", "modules\imgproc\opencv_test_imgproc.vcxproj", "{265CE73F-8B6E-348B-93FD-4D825B742DC4}"
	ProjectSection(ProjectDependencies) = postProject
		{5C816D10-C536-3B37-B91A-3CE6C3537738} = {5C816D10-C536-3B37-B91A-3CE6C3537738}
		{0B6901DF-3063-3298-9C38-3B67104CB5A0} = {0B6901DF-3063-3298-9C38-3B67104CB5A0}
		{F1D233CD-2E06-31CF-82C9-46F47228AD07} = {F1D233CD-2E06-31CF-82C9-46F47228AD07}
		{ACA9B782-DABE-341E-85EB-C68A5C3F711D} = {ACA9B782-DABE-341E-85EB-C68A5C3F711D}
		{6046756D-65F2-3904-8538-1077A4CBBDFC} = {6046756D-65F2-3904-8538-1077A4CBBDFC}
		{AA11520B-8E00-3058-AE16-61B24466140A} = {AA11520B-8E00-3058-AE16-61B24466140A}
		{03A2A4E2-C79C-3921-85EF-77F85133B119} = {03A2A4E2-C79C-3921-85EF-77F85133B119}
	EndProjectSection
EndProject
Project("{8BC9CEB8-8B4A-11D0-8D11-00A0C91BC942}") = "opencv_test_ml", "modules\ml\opencv_test_ml.vcxproj", "{A47DB677-45A1-3EB3-8157-3A7F5024055F}"
	ProjectSection(ProjectDependencies) = postProject
		{5C816D10-C536-3B37-B91A-3CE6C3537738} = {5C816D10-C536-3B37-B91A-3CE6C3537738}
		{0B6901DF-3063-3298-9C38-3B67104CB5A0} = {0B6901DF-3063-3298-9C38-3B67104CB5A0}
		{F1D233CD-2E06-31CF-82C9-46F47228AD07} = {F1D233CD-2E06-31CF-82C9-46F47228AD07}
		{ACA9B782-DABE-341E-85EB-C68A5C3F711D} = {ACA9B782-DABE-341E-85EB-C68A5C3F711D}
		{6046756D-65F2-3904-8538-1077A4CBBDFC} = {6046756D-65F2-3904-8538-1077A4CBBDFC}
		{99D55B16-EE01-37A0-B234-82D9EA999323} = {99D55B16-EE01-37A0-B234-82D9EA999323}
		{AA11520B-8E00-3058-AE16-61B24466140A} = {AA11520B-8E00-3058-AE16-61B24466140A}
		{03A2A4E2-C79C-3921-85EF-77F85133B119} = {03A2A4E2-C79C-3921-85EF-77F85133B119}
	EndProjectSection
EndProject
Project("{8BC9CEB8-8B4A-11D0-8D11-00A0C91BC942}") = "opencv_test_objdetect", "modules\objdetect\opencv_test_objdetect.vcxproj", "{EC1C0F12-2FC1-3065-BFD4-4C6438BCAD38}"
	ProjectSection(ProjectDependencies) = postProject
		{5C816D10-C536-3B37-B91A-3CE6C3537738} = {5C816D10-C536-3B37-B91A-3CE6C3537738}
		{0B6901DF-3063-3298-9C38-3B67104CB5A0} = {0B6901DF-3063-3298-9C38-3B67104CB5A0}
		{F1D233CD-2E06-31CF-82C9-46F47228AD07} = {F1D233CD-2E06-31CF-82C9-46F47228AD07}
		{ACA9B782-DABE-341E-85EB-C68A5C3F711D} = {ACA9B782-DABE-341E-85EB-C68A5C3F711D}
		{6046756D-65F2-3904-8538-1077A4CBBDFC} = {6046756D-65F2-3904-8538-1077A4CBBDFC}
		{99D55B16-EE01-37A0-B234-82D9EA999323} = {99D55B16-EE01-37A0-B234-82D9EA999323}
		{E27D8C96-7CF9-305D-A247-CD4D96DA3A3F} = {E27D8C96-7CF9-305D-A247-CD4D96DA3A3F}
		{AA11520B-8E00-3058-AE16-61B24466140A} = {AA11520B-8E00-3058-AE16-61B24466140A}
		{03A2A4E2-C79C-3921-85EF-77F85133B119} = {03A2A4E2-C79C-3921-85EF-77F85133B119}
	EndProjectSection
EndProject
Project("{8BC9CEB8-8B4A-11D0-8D11-00A0C91BC942}") = "opencv_test_photo", "modules\photo\opencv_test_photo.vcxproj", "{6CCEF62B-7C1B-3C2D-9CFF-AE31A87A40B1}"
	ProjectSection(ProjectDependencies) = postProject
		{5C816D10-C536-3B37-B91A-3CE6C3537738} = {5C816D10-C536-3B37-B91A-3CE6C3537738}
		{0B6901DF-3063-3298-9C38-3B67104CB5A0} = {0B6901DF-3063-3298-9C38-3B67104CB5A0}
		{F1D233CD-2E06-31CF-82C9-46F47228AD07} = {F1D233CD-2E06-31CF-82C9-46F47228AD07}
		{ACA9B782-DABE-341E-85EB-C68A5C3F711D} = {ACA9B782-DABE-341E-85EB-C68A5C3F711D}
		{6046756D-65F2-3904-8538-1077A4CBBDFC} = {6046756D-65F2-3904-8538-1077A4CBBDFC}
		{D7B952C6-8417-3130-A5D9-7674A6E5520E} = {D7B952C6-8417-3130-A5D9-7674A6E5520E}
		{AA11520B-8E00-3058-AE16-61B24466140A} = {AA11520B-8E00-3058-AE16-61B24466140A}
		{03A2A4E2-C79C-3921-85EF-77F85133B119} = {03A2A4E2-C79C-3921-85EF-77F85133B119}
	EndProjectSection
EndProject
Project("{8BC9CEB8-8B4A-11D0-8D11-00A0C91BC942}") = "opencv_test_reg", "modules\reg\opencv_test_reg.vcxproj", "{171B235E-4BA9-3C61-AD27-413D7F261AB6}"
	ProjectSection(ProjectDependencies) = postProject
		{5C816D10-C536-3B37-B91A-3CE6C3537738} = {5C816D10-C536-3B37-B91A-3CE6C3537738}
		{0B6901DF-3063-3298-9C38-3B67104CB5A0} = {0B6901DF-3063-3298-9C38-3B67104CB5A0}
		{F1D233CD-2E06-31CF-82C9-46F47228AD07} = {F1D233CD-2E06-31CF-82C9-46F47228AD07}
		{ACA9B782-DABE-341E-85EB-C68A5C3F711D} = {ACA9B782-DABE-341E-85EB-C68A5C3F711D}
		{6046756D-65F2-3904-8538-1077A4CBBDFC} = {6046756D-65F2-3904-8538-1077A4CBBDFC}
		{654D8D64-A448-33EB-8D3A-0FB5F80C9CBD} = {654D8D64-A448-33EB-8D3A-0FB5F80C9CBD}
		{AA11520B-8E00-3058-AE16-61B24466140A} = {AA11520B-8E00-3058-AE16-61B24466140A}
		{03A2A4E2-C79C-3921-85EF-77F85133B119} = {03A2A4E2-C79C-3921-85EF-77F85133B119}
	EndProjectSection
EndProject
Project("{8BC9CEB8-8B4A-11D0-8D11-00A0C91BC942}") = "opencv_test_shape", "modules\shape\opencv_test_shape.vcxproj", "{4E7EC2A6-A8F9-3E16-9153-1BB2D80F7A76}"
	ProjectSection(ProjectDependencies) = postProject
		{5C816D10-C536-3B37-B91A-3CE6C3537738} = {5C816D10-C536-3B37-B91A-3CE6C3537738}
		{0B6901DF-3063-3298-9C38-3B67104CB5A0} = {0B6901DF-3063-3298-9C38-3B67104CB5A0}
		{F1D233CD-2E06-31CF-82C9-46F47228AD07} = {F1D233CD-2E06-31CF-82C9-46F47228AD07}
		{ACA9B782-DABE-341E-85EB-C68A5C3F711D} = {ACA9B782-DABE-341E-85EB-C68A5C3F711D}
		{6046756D-65F2-3904-8538-1077A4CBBDFC} = {6046756D-65F2-3904-8538-1077A4CBBDFC}
		{A240A308-7DD0-3B9F-96DB-888AF3DC373C} = {A240A308-7DD0-3B9F-96DB-888AF3DC373C}
		{AA11520B-8E00-3058-AE16-61B24466140A} = {AA11520B-8E00-3058-AE16-61B24466140A}
		{9AFF5379-D7F5-3052-93E0-362F702C1418} = {9AFF5379-D7F5-3052-93E0-362F702C1418}
		{03A2A4E2-C79C-3921-85EF-77F85133B119} = {03A2A4E2-C79C-3921-85EF-77F85133B119}
	EndProjectSection
EndProject
Project("{8BC9CEB8-8B4A-11D0-8D11-00A0C91BC942}") = "opencv_test_stitching", "modules\stitching\opencv_test_stitching.vcxproj", "{3674D3E1-E1B1-3FF3-83C4-21E782E28EE6}"
	ProjectSection(ProjectDependencies) = postProject
		{5C816D10-C536-3B37-B91A-3CE6C3537738} = {5C816D10-C536-3B37-B91A-3CE6C3537738}
		{8DF3B0B0-48F1-31DC-BFDD-BAD8D74E7DDE} = {8DF3B0B0-48F1-31DC-BFDD-BAD8D74E7DDE}
		{0B6901DF-3063-3298-9C38-3B67104CB5A0} = {0B6901DF-3063-3298-9C38-3B67104CB5A0}
		{979E634B-1C12-33C2-A9F4-EA1FD5F99260} = {979E634B-1C12-33C2-A9F4-EA1FD5F99260}
		{7B5061A7-561B-3040-85DB-6A743C63FB8D} = {7B5061A7-561B-3040-85DB-6A743C63FB8D}
		{F1D233CD-2E06-31CF-82C9-46F47228AD07} = {F1D233CD-2E06-31CF-82C9-46F47228AD07}
		{ACA9B782-DABE-341E-85EB-C68A5C3F711D} = {ACA9B782-DABE-341E-85EB-C68A5C3F711D}
		{6046756D-65F2-3904-8538-1077A4CBBDFC} = {6046756D-65F2-3904-8538-1077A4CBBDFC}
		{99D55B16-EE01-37A0-B234-82D9EA999323} = {99D55B16-EE01-37A0-B234-82D9EA999323}
		{E27D8C96-7CF9-305D-A247-CD4D96DA3A3F} = {E27D8C96-7CF9-305D-A247-CD4D96DA3A3F}
		{8CFE4860-2161-30CD-AF9B-423A5717F0EC} = {8CFE4860-2161-30CD-AF9B-423A5717F0EC}
		{AA11520B-8E00-3058-AE16-61B24466140A} = {AA11520B-8E00-3058-AE16-61B24466140A}
		{03A2A4E2-C79C-3921-85EF-77F85133B119} = {03A2A4E2-C79C-3921-85EF-77F85133B119}
	EndProjectSection
EndProject
Project("{8BC9CEB8-8B4A-11D0-8D11-00A0C91BC942}") = "opencv_test_video", "modules\video\opencv_test_video.vcxproj", "{7C8F6E5B-78CC-3C45-8250-59CB21B9C4E8}"
	ProjectSection(ProjectDependencies) = postProject
		{5C816D10-C536-3B37-B91A-3CE6C3537738} = {5C816D10-C536-3B37-B91A-3CE6C3537738}
		{0B6901DF-3063-3298-9C38-3B67104CB5A0} = {0B6901DF-3063-3298-9C38-3B67104CB5A0}
		{F1D233CD-2E06-31CF-82C9-46F47228AD07} = {F1D233CD-2E06-31CF-82C9-46F47228AD07}
		{ACA9B782-DABE-341E-85EB-C68A5C3F711D} = {ACA9B782-DABE-341E-85EB-C68A5C3F711D}
		{6046756D-65F2-3904-8538-1077A4CBBDFC} = {6046756D-65F2-3904-8538-1077A4CBBDFC}
		{AA11520B-8E00-3058-AE16-61B24466140A} = {AA11520B-8E00-3058-AE16-61B24466140A}
		{9AFF5379-D7F5-3052-93E0-362F702C1418} = {9AFF5379-D7F5-3052-93E0-362F702C1418}
		{03A2A4E2-C79C-3921-85EF-77F85133B119} = {03A2A4E2-C79C-3921-85EF-77F85133B119}
	EndProjectSection
EndProject
Project("{8BC9CEB8-8B4A-11D0-8D11-00A0C91BC942}") = "opencv_test_videoio", "modules\videoio\opencv_test_videoio.vcxproj", "{C58FAC26-9414-3B1F-9E56-E0CD8CE57A94}"
	ProjectSection(ProjectDependencies) = postProject
		{5C816D10-C536-3B37-B91A-3CE6C3537738} = {5C816D10-C536-3B37-B91A-3CE6C3537738}
		{0B6901DF-3063-3298-9C38-3B67104CB5A0} = {0B6901DF-3063-3298-9C38-3B67104CB5A0}
		{F1D233CD-2E06-31CF-82C9-46F47228AD07} = {F1D233CD-2E06-31CF-82C9-46F47228AD07}
		{ACA9B782-DABE-341E-85EB-C68A5C3F711D} = {ACA9B782-DABE-341E-85EB-C68A5C3F711D}
		{6046756D-65F2-3904-8538-1077A4CBBDFC} = {6046756D-65F2-3904-8538-1077A4CBBDFC}
		{AA11520B-8E00-3058-AE16-61B24466140A} = {AA11520B-8E00-3058-AE16-61B24466140A}
		{03A2A4E2-C79C-3921-85EF-77F85133B119} = {03A2A4E2-C79C-3921-85EF-77F85133B119}
	EndProjectSection
EndProject
Project("{8BC9CEB8-8B4A-11D0-8D11-00A0C91BC942}") = "opencv_tests", "opencv_tests.vcxproj", "{022A0C4A-4C0F-35BD-B98B-0BD82AE0CF36}"
	ProjectSection(ProjectDependencies) = postProject
		{5C816D10-C536-3B37-B91A-3CE6C3537738} = {5C816D10-C536-3B37-B91A-3CE6C3537738}
		{FD86AAD8-960E-3B40-A1DB-C325C347C704} = {FD86AAD8-960E-3B40-A1DB-C325C347C704}
		{A1BD384B-D33F-3204-8E28-985D3EFD730F} = {A1BD384B-D33F-3204-8E28-985D3EFD730F}
		{ADD6E154-100E-3D4B-BAE1-D870E01EA834} = {ADD6E154-100E-3D4B-BAE1-D870E01EA834}
		{295DA531-3669-3613-ACCE-1B920B3F875A} = {295DA531-3669-3613-ACCE-1B920B3F875A}
		{DFBD73CF-FA8F-3DE2-992F-D8AA504248D6} = {DFBD73CF-FA8F-3DE2-992F-D8AA504248D6}
		{3C4F20ED-FF23-36D1-99D2-F3B973CC7C9F} = {3C4F20ED-FF23-36D1-99D2-F3B973CC7C9F}
		{265CE73F-8B6E-348B-93FD-4D825B742DC4} = {265CE73F-8B6E-348B-93FD-4D825B742DC4}
		{A47DB677-45A1-3EB3-8157-3A7F5024055F} = {A47DB677-45A1-3EB3-8157-3A7F5024055F}
		{EC1C0F12-2FC1-3065-BFD4-4C6438BCAD38} = {EC1C0F12-2FC1-3065-BFD4-4C6438BCAD38}
		{6CCEF62B-7C1B-3C2D-9CFF-AE31A87A40B1} = {6CCEF62B-7C1B-3C2D-9CFF-AE31A87A40B1}
		{171B235E-4BA9-3C61-AD27-413D7F261AB6} = {171B235E-4BA9-3C61-AD27-413D7F261AB6}
		{4E7EC2A6-A8F9-3E16-9153-1BB2D80F7A76} = {4E7EC2A6-A8F9-3E16-9153-1BB2D80F7A76}
		{3674D3E1-E1B1-3FF3-83C4-21E782E28EE6} = {3674D3E1-E1B1-3FF3-83C4-21E782E28EE6}
		{7C8F6E5B-78CC-3C45-8250-59CB21B9C4E8} = {7C8F6E5B-78CC-3C45-8250-59CB21B9C4E8}
		{C58FAC26-9414-3B1F-9E56-E0CD8CE57A94} = {C58FAC26-9414-3B1F-9E56-E0CD8CE57A94}
	EndProjectSection
EndProject
Project("{8BC9CEB8-8B4A-11D0-8D11-00A0C91BC942}") = "opencv_ts", "modules\ts\opencv_ts.vcxproj", "{AA11520B-8E00-3058-AE16-61B24466140A}"
	ProjectSection(ProjectDependencies) = postProject
		{5C816D10-C536-3B37-B91A-3CE6C3537738} = {5C816D10-C536-3B37-B91A-3CE6C3537738}
		{0B6901DF-3063-3298-9C38-3B67104CB5A0} = {0B6901DF-3063-3298-9C38-3B67104CB5A0}
		{F1D233CD-2E06-31CF-82C9-46F47228AD07} = {F1D233CD-2E06-31CF-82C9-46F47228AD07}
		{ACA9B782-DABE-341E-85EB-C68A5C3F711D} = {ACA9B782-DABE-341E-85EB-C68A5C3F711D}
		{6046756D-65F2-3904-8538-1077A4CBBDFC} = {6046756D-65F2-3904-8538-1077A4CBBDFC}
		{03A2A4E2-C79C-3921-85EF-77F85133B119} = {03A2A4E2-C79C-3921-85EF-77F85133B119}
	EndProjectSection
EndProject
Project("{8BC9CEB8-8B4A-11D0-8D11-00A0C91BC942}") = "opencv_video", "modules\video\opencv_video.vcxproj", "{9AFF5379-D7F5-3052-93E0-362F702C1418}"
	ProjectSection(ProjectDependencies) = postProject
		{5C816D10-C536-3B37-B91A-3CE6C3537738} = {5C816D10-C536-3B37-B91A-3CE6C3537738}
		{0B6901DF-3063-3298-9C38-3B67104CB5A0} = {0B6901DF-3063-3298-9C38-3B67104CB5A0}
		{F1D233CD-2E06-31CF-82C9-46F47228AD07} = {F1D233CD-2E06-31CF-82C9-46F47228AD07}
		{6046756D-65F2-3904-8538-1077A4CBBDFC} = {6046756D-65F2-3904-8538-1077A4CBBDFC}
	EndProjectSection
EndProject
Project("{8BC9CEB8-8B4A-11D0-8D11-00A0C91BC942}") = "opencv_video_object", "modules\video\opencv_video_object.vcxproj", "{E90B5A9F-7100-3EBD-9801-AF067C881768}"
	ProjectSection(ProjectDependencies) = postProject
		{5C816D10-C536-3B37-B91A-3CE6C3537738} = {5C816D10-C536-3B37-B91A-3CE6C3537738}
	EndProjectSection
EndProject
Project("{8BC9CEB8-8B4A-11D0-8D11-00A0C91BC942}") = "opencv_videoio", "modules\videoio\opencv_videoio.vcxproj", "{03A2A4E2-C79C-3921-85EF-77F85133B119}"
	ProjectSection(ProjectDependencies) = postProject
		{5C816D10-C536-3B37-B91A-3CE6C3537738} = {5C816D10-C536-3B37-B91A-3CE6C3537738}
		{0B6901DF-3063-3298-9C38-3B67104CB5A0} = {0B6901DF-3063-3298-9C38-3B67104CB5A0}
		{F1D233CD-2E06-31CF-82C9-46F47228AD07} = {F1D233CD-2E06-31CF-82C9-46F47228AD07}
		{ACA9B782-DABE-341E-85EB-C68A5C3F711D} = {ACA9B782-DABE-341E-85EB-C68A5C3F711D}
		{6046756D-65F2-3904-8538-1077A4CBBDFC} = {6046756D-65F2-3904-8538-1077A4CBBDFC}
	EndProjectSection
EndProject
Project("{8BC9CEB8-8B4A-11D0-8D11-00A0C91BC942}") = "opencv_videoio_object", "modules\videoio\opencv_videoio_object.vcxproj", "{2F6C4723-E953-3FFE-AAD0-4F9B21DDC58C}"
	ProjectSection(ProjectDependencies) = postProject
		{5C816D10-C536-3B37-B91A-3CE6C3537738} = {5C816D10-C536-3B37-B91A-3CE6C3537738}
	EndProjectSection
EndProject
Project("{8BC9CEB8-8B4A-11D0-8D11-00A0C91BC942}") = "opencv_videostab", "modules\videostab\opencv_videostab.vcxproj", "{F9122F10-3D55-31DD-9DE2-C8E829E0F520}"
	ProjectSection(ProjectDependencies) = postProject
		{5C816D10-C536-3B37-B91A-3CE6C3537738} = {5C816D10-C536-3B37-B91A-3CE6C3537738}
		{8DF3B0B0-48F1-31DC-BFDD-BAD8D74E7DDE} = {8DF3B0B0-48F1-31DC-BFDD-BAD8D74E7DDE}
		{0B6901DF-3063-3298-9C38-3B67104CB5A0} = {0B6901DF-3063-3298-9C38-3B67104CB5A0}
		{979E634B-1C12-33C2-A9F4-EA1FD5F99260} = {979E634B-1C12-33C2-A9F4-EA1FD5F99260}
		{7B5061A7-561B-3040-85DB-6A743C63FB8D} = {7B5061A7-561B-3040-85DB-6A743C63FB8D}
		{F1D233CD-2E06-31CF-82C9-46F47228AD07} = {F1D233CD-2E06-31CF-82C9-46F47228AD07}
		{ACA9B782-DABE-341E-85EB-C68A5C3F711D} = {ACA9B782-DABE-341E-85EB-C68A5C3F711D}
		{6046756D-65F2-3904-8538-1077A4CBBDFC} = {6046756D-65F2-3904-8538-1077A4CBBDFC}
		{99D55B16-EE01-37A0-B234-82D9EA999323} = {99D55B16-EE01-37A0-B234-82D9EA999323}
		{D7B952C6-8417-3130-A5D9-7674A6E5520E} = {D7B952C6-8417-3130-A5D9-7674A6E5520E}
		{9AFF5379-D7F5-3052-93E0-362F702C1418} = {9AFF5379-D7F5-3052-93E0-362F702C1418}
		{03A2A4E2-C79C-3921-85EF-77F85133B119} = {03A2A4E2-C79C-3921-85EF-77F85133B119}
	EndProjectSection
EndProject
Project("{8BC9CEB8-8B4A-11D0-8D11-00A0C91BC942}") = "opencv_videostab_object", "modules\videostab\opencv_videostab_object.vcxproj", "{583B1CC9-DB65-3C6B-A57C-4DC0CCB2E3D9}"
	ProjectSection(ProjectDependencies) = postProject
		{5C816D10-C536-3B37-B91A-3CE6C3537738} = {5C816D10-C536-3B37-B91A-3CE6C3537738}
	EndProjectSection
EndProject
Project("{8BC9CEB8-8B4A-11D0-8D11-00A0C91BC942}") = "uninstall", "uninstall.vcxproj", "{2819B0BF-344F-3473-B779-1124226F3BB2}"
	ProjectSection(ProjectDependencies) = postProject
		{5C816D10-C536-3B37-B91A-3CE6C3537738} = {5C816D10-C536-3B37-B91A-3CE6C3537738}
	EndProjectSection
EndProject
Project("{8BC9CEB8-8B4A-11D0-8D11-00A0C91BC942}") = "zlib", "3rdparty\zlib\zlib.vcxproj", "{81ACB54D-CC01-39C7-8A8E-4FE7545E958A}"
	ProjectSection(ProjectDependencies) = postProject
		{5C816D10-C536-3B37-B91A-3CE6C3537738} = {5C816D10-C536-3B37-B91A-3CE6C3537738}
	EndProjectSection
EndProject
Project("{2150E333-8FDC-42A3-9474-1A3956D46DE8}") = "3rdparty", "3rdparty", "{446D69D2-F67C-3520-8430-C7954CF7FA55}"
EndProject
Project("{2150E333-8FDC-42A3-9474-1A3956D46DE8}") = "CMakeTargets", "CMakeTargets", "{797F808B-B636-3E4D-990A-C03F6044903C}"
EndProject
Project("{2150E333-8FDC-42A3-9474-1A3956D46DE8}") = "extra", "extra", "{81841C48-5082-31C0-9C2C-A2C3795F6E06}"
EndProject
Project("{2150E333-8FDC-42A3-9474-1A3956D46DE8}") = "modules", "modules", "{7D481FFD-F46B-320F-98DE-8EEEFA7DA741}"
EndProject
Project("{2150E333-8FDC-42A3-9474-1A3956D46DE8}") = "object_libraries", "object_libraries", "{91E794AC-5E6B-3180-9F4C-3E36C9A119E2}"
EndProject
Project("{2150E333-8FDC-42A3-9474-1A3956D46DE8}") = "tests accuracy", "tests accuracy", "{FA59853B-B6A7-373E-8E71-3B1487747681}"
EndProject
Project("{2150E333-8FDC-42A3-9474-1A3956D46DE8}") = "tests performance", "tests performance", "{887FC2E3-B964-3E0F-9254-66F19AA836AD}"
EndProject
Global
	GlobalSection(SolutionConfigurationPlatforms) = preSolution
		Debug|Win32 = Debug|Win32
		Release|Win32 = Release|Win32
	EndGlobalSection
	GlobalSection(ProjectConfigurationPlatforms) = postSolution
		{DB854B8B-0031-3051-B974-44DB5F49B09C}.Debug|Win32.ActiveCfg = Debug|Win32
		{DB854B8B-0031-3051-B974-44DB5F49B09C}.Debug|Win32.Build.0 = Debug|Win32
		{DB854B8B-0031-3051-B974-44DB5F49B09C}.Release|Win32.ActiveCfg = Release|Win32
		{DB854B8B-0031-3051-B974-44DB5F49B09C}.Release|Win32.Build.0 = Release|Win32
		{1CEA4C39-3DF5-34B3-8EE4-B6D930CF1293}.Debug|Win32.ActiveCfg = Debug|Win32
		{1CEA4C39-3DF5-34B3-8EE4-B6D930CF1293}.Release|Win32.ActiveCfg = Release|Win32
		{5F7ECEF5-7B61-3327-AC64-55B899087B29}.Debug|Win32.ActiveCfg = Debug|Win32
		{5F7ECEF5-7B61-3327-AC64-55B899087B29}.Release|Win32.ActiveCfg = Release|Win32
		{5C816D10-C536-3B37-B91A-3CE6C3537738}.Debug|Win32.ActiveCfg = Debug|Win32
		{5C816D10-C536-3B37-B91A-3CE6C3537738}.Debug|Win32.Build.0 = Debug|Win32
		{5C816D10-C536-3B37-B91A-3CE6C3537738}.Release|Win32.ActiveCfg = Release|Win32
		{5C816D10-C536-3B37-B91A-3CE6C3537738}.Release|Win32.Build.0 = Release|Win32
		{BD2230D9-77C8-3557-92A5-C5CBC8E531E5}.Debug|Win32.ActiveCfg = Debug|Win32
		{BD2230D9-77C8-3557-92A5-C5CBC8E531E5}.Debug|Win32.Build.0 = Debug|Win32
		{BD2230D9-77C8-3557-92A5-C5CBC8E531E5}.Release|Win32.ActiveCfg = Release|Win32
		{BD2230D9-77C8-3557-92A5-C5CBC8E531E5}.Release|Win32.Build.0 = Release|Win32
		{B145F532-5898-3711-9A2B-978D6366E48B}.Debug|Win32.ActiveCfg = Debug|Win32
		{B145F532-5898-3711-9A2B-978D6366E48B}.Debug|Win32.Build.0 = Debug|Win32
		{B145F532-5898-3711-9A2B-978D6366E48B}.Release|Win32.ActiveCfg = Release|Win32
		{B145F532-5898-3711-9A2B-978D6366E48B}.Release|Win32.Build.0 = Release|Win32
		{1C9CA604-2F71-3B7B-930E-85D45B8FDABA}.Debug|Win32.ActiveCfg = Debug|Win32
		{1C9CA604-2F71-3B7B-930E-85D45B8FDABA}.Debug|Win32.Build.0 = Debug|Win32
		{1C9CA604-2F71-3B7B-930E-85D45B8FDABA}.Release|Win32.ActiveCfg = Release|Win32
		{1C9CA604-2F71-3B7B-930E-85D45B8FDABA}.Release|Win32.Build.0 = Release|Win32
		{D353D531-C65E-3B61-81C8-9A20F51D2FEA}.Debug|Win32.ActiveCfg = Debug|Win32
		{D353D531-C65E-3B61-81C8-9A20F51D2FEA}.Debug|Win32.Build.0 = Debug|Win32
		{D353D531-C65E-3B61-81C8-9A20F51D2FEA}.Release|Win32.ActiveCfg = Release|Win32
		{D353D531-C65E-3B61-81C8-9A20F51D2FEA}.Release|Win32.Build.0 = Release|Win32
		{2258C69E-EACC-3D36-9C27-15048D0CEAD5}.Debug|Win32.ActiveCfg = Debug|Win32
		{2258C69E-EACC-3D36-9C27-15048D0CEAD5}.Debug|Win32.Build.0 = Debug|Win32
		{2258C69E-EACC-3D36-9C27-15048D0CEAD5}.Debug|Win32.Deploy.0 = Debug|Win32
		{2258C69E-EACC-3D36-9C27-15048D0CEAD5}.Release|Win32.ActiveCfg = Release|Win32
		{2258C69E-EACC-3D36-9C27-15048D0CEAD5}.Release|Win32.Build.0 = Release|Win32
		{2258C69E-EACC-3D36-9C27-15048D0CEAD5}.Release|Win32.Deploy.0 = Release|Win32
		{C5A9AFFC-E8A4-3B43-8F27-2124C2C1B861}.Debug|Win32.ActiveCfg = Debug|Win32
		{C5A9AFFC-E8A4-3B43-8F27-2124C2C1B861}.Release|Win32.ActiveCfg = Release|Win32
		{8DF3B0B0-48F1-31DC-BFDD-BAD8D74E7DDE}.Debug|Win32.ActiveCfg = Debug|Win32
		{8DF3B0B0-48F1-31DC-BFDD-BAD8D74E7DDE}.Debug|Win32.Build.0 = Debug|Win32
		{8DF3B0B0-48F1-31DC-BFDD-BAD8D74E7DDE}.Debug|Win32.Deploy.0 = Debug|Win32
		{8DF3B0B0-48F1-31DC-BFDD-BAD8D74E7DDE}.Release|Win32.ActiveCfg = Release|Win32
		{8DF3B0B0-48F1-31DC-BFDD-BAD8D74E7DDE}.Release|Win32.Build.0 = Release|Win32
		{8DF3B0B0-48F1-31DC-BFDD-BAD8D74E7DDE}.Release|Win32.Deploy.0 = Release|Win32
		{5EEACE4F-EB61-316A-AC0F-539E36900CD8}.Debug|Win32.ActiveCfg = Debug|Win32
		{5EEACE4F-EB61-316A-AC0F-539E36900CD8}.Release|Win32.ActiveCfg = Release|Win32
		{0B6901DF-3063-3298-9C38-3B67104CB5A0}.Debug|Win32.ActiveCfg = Debug|Win32
		{0B6901DF-3063-3298-9C38-3B67104CB5A0}.Debug|Win32.Build.0 = Debug|Win32
		{0B6901DF-3063-3298-9C38-3B67104CB5A0}.Debug|Win32.Deploy.0 = Debug|Win32
		{0B6901DF-3063-3298-9C38-3B67104CB5A0}.Release|Win32.ActiveCfg = Release|Win32
		{0B6901DF-3063-3298-9C38-3B67104CB5A0}.Release|Win32.Build.0 = Release|Win32
		{0B6901DF-3063-3298-9C38-3B67104CB5A0}.Release|Win32.Deploy.0 = Release|Win32
		{6EF2F934-BCD1-376D-BF64-AE8D64BCB9ED}.Debug|Win32.ActiveCfg = Debug|Win32
		{6EF2F934-BCD1-376D-BF64-AE8D64BCB9ED}.Release|Win32.ActiveCfg = Release|Win32
		{979E634B-1C12-33C2-A9F4-EA1FD5F99260}.Debug|Win32.ActiveCfg = Debug|Win32
		{979E634B-1C12-33C2-A9F4-EA1FD5F99260}.Debug|Win32.Build.0 = Debug|Win32
		{979E634B-1C12-33C2-A9F4-EA1FD5F99260}.Debug|Win32.Deploy.0 = Debug|Win32
		{979E634B-1C12-33C2-A9F4-EA1FD5F99260}.Release|Win32.ActiveCfg = Release|Win32
		{979E634B-1C12-33C2-A9F4-EA1FD5F99260}.Release|Win32.Build.0 = Release|Win32
		{979E634B-1C12-33C2-A9F4-EA1FD5F99260}.Release|Win32.Deploy.0 = Release|Win32
		{2A1C04FB-568C-347D-AC34-A72E95D97BD5}.Debug|Win32.ActiveCfg = Debug|Win32
		{2A1C04FB-568C-347D-AC34-A72E95D97BD5}.Release|Win32.ActiveCfg = Release|Win32
		{7B5061A7-561B-3040-85DB-6A743C63FB8D}.Debug|Win32.ActiveCfg = Debug|Win32
		{7B5061A7-561B-3040-85DB-6A743C63FB8D}.Debug|Win32.Build.0 = Debug|Win32
		{7B5061A7-561B-3040-85DB-6A743C63FB8D}.Debug|Win32.Deploy.0 = Debug|Win32
		{7B5061A7-561B-3040-85DB-6A743C63FB8D}.Release|Win32.ActiveCfg = Release|Win32
		{7B5061A7-561B-3040-85DB-6A743C63FB8D}.Release|Win32.Build.0 = Release|Win32
		{7B5061A7-561B-3040-85DB-6A743C63FB8D}.Release|Win32.Deploy.0 = Release|Win32
		{7BDACEAC-9EA9-3CBA-A40F-D5743E5C3417}.Debug|Win32.ActiveCfg = Debug|Win32
		{7BDACEAC-9EA9-3CBA-A40F-D5743E5C3417}.Release|Win32.ActiveCfg = Release|Win32
		{F1D233CD-2E06-31CF-82C9-46F47228AD07}.Debug|Win32.ActiveCfg = Debug|Win32
		{F1D233CD-2E06-31CF-82C9-46F47228AD07}.Debug|Win32.Build.0 = Debug|Win32
		{F1D233CD-2E06-31CF-82C9-46F47228AD07}.Release|Win32.ActiveCfg = Release|Win32
		{F1D233CD-2E06-31CF-82C9-46F47228AD07}.Release|Win32.Build.0 = Release|Win32
		{4B5D9E0B-70FB-3BCF-9D58-5BDC523A0C10}.Debug|Win32.ActiveCfg = Debug|Win32
		{4B5D9E0B-70FB-3BCF-9D58-5BDC523A0C10}.Release|Win32.ActiveCfg = Release|Win32
		{ACA9B782-DABE-341E-85EB-C68A5C3F711D}.Debug|Win32.ActiveCfg = Debug|Win32
		{ACA9B782-DABE-341E-85EB-C68A5C3F711D}.Debug|Win32.Build.0 = Debug|Win32
		{ACA9B782-DABE-341E-85EB-C68A5C3F711D}.Debug|Win32.Deploy.0 = Debug|Win32
		{ACA9B782-DABE-341E-85EB-C68A5C3F711D}.Release|Win32.ActiveCfg = Release|Win32
		{ACA9B782-DABE-341E-85EB-C68A5C3F711D}.Release|Win32.Build.0 = Release|Win32
		{ACA9B782-DABE-341E-85EB-C68A5C3F711D}.Release|Win32.Deploy.0 = Release|Win32
		{BD7A0212-8377-3F0B-803B-A5E4349AE5A0}.Debug|Win32.ActiveCfg = Debug|Win32
		{BD7A0212-8377-3F0B-803B-A5E4349AE5A0}.Release|Win32.ActiveCfg = Release|Win32
		{6046756D-65F2-3904-8538-1077A4CBBDFC}.Debug|Win32.ActiveCfg = Debug|Win32
		{6046756D-65F2-3904-8538-1077A4CBBDFC}.Debug|Win32.Build.0 = Debug|Win32
		{6046756D-65F2-3904-8538-1077A4CBBDFC}.Debug|Win32.Deploy.0 = Debug|Win32
		{6046756D-65F2-3904-8538-1077A4CBBDFC}.Release|Win32.ActiveCfg = Release|Win32
		{6046756D-65F2-3904-8538-1077A4CBBDFC}.Release|Win32.Build.0 = Release|Win32
		{6046756D-65F2-3904-8538-1077A4CBBDFC}.Release|Win32.Deploy.0 = Release|Win32
		{7EA0115C-D218-3B44-897B-05D8F8A29AC3}.Debug|Win32.ActiveCfg = Debug|Win32
		{7EA0115C-D218-3B44-897B-05D8F8A29AC3}.Release|Win32.ActiveCfg = Release|Win32
		{99D55B16-EE01-37A0-B234-82D9EA999323}.Debug|Win32.ActiveCfg = Debug|Win32
		{99D55B16-EE01-37A0-B234-82D9EA999323}.Debug|Win32.Build.0 = Debug|Win32
		{99D55B16-EE01-37A0-B234-82D9EA999323}.Debug|Win32.Deploy.0 = Debug|Win32
		{99D55B16-EE01-37A0-B234-82D9EA999323}.Release|Win32.ActiveCfg = Release|Win32
		{99D55B16-EE01-37A0-B234-82D9EA999323}.Release|Win32.Build.0 = Release|Win32
		{99D55B16-EE01-37A0-B234-82D9EA999323}.Release|Win32.Deploy.0 = Release|Win32
		{B4F2F8D4-1C56-3517-957D-8A8A2F448B6E}.Debug|Win32.ActiveCfg = Debug|Win32
		{B4F2F8D4-1C56-3517-957D-8A8A2F448B6E}.Release|Win32.ActiveCfg = Release|Win32
		{05018D47-8469-324E-AB5A-801EB8FB8498}.Debug|Win32.ActiveCfg = Debug|Win32
		{05018D47-8469-324E-AB5A-801EB8FB8498}.Release|Win32.ActiveCfg = Release|Win32
		{E27D8C96-7CF9-305D-A247-CD4D96DA3A3F}.Debug|Win32.ActiveCfg = Debug|Win32
		{E27D8C96-7CF9-305D-A247-CD4D96DA3A3F}.Debug|Win32.Build.0 = Debug|Win32
		{E27D8C96-7CF9-305D-A247-CD4D96DA3A3F}.Debug|Win32.Deploy.0 = Debug|Win32
		{E27D8C96-7CF9-305D-A247-CD4D96DA3A3F}.Release|Win32.ActiveCfg = Release|Win32
		{E27D8C96-7CF9-305D-A247-CD4D96DA3A3F}.Release|Win32.Build.0 = Release|Win32
		{E27D8C96-7CF9-305D-A247-CD4D96DA3A3F}.Release|Win32.Deploy.0 = Release|Win32
		{0A49F3AF-2F76-3648-84C8-14F0E36221C8}.Debug|Win32.ActiveCfg = Debug|Win32
		{0A49F3AF-2F76-3648-84C8-14F0E36221C8}.Release|Win32.ActiveCfg = Release|Win32
		{924EFB06-B3F6-32D4-BABB-6F6D4FB4D678}.Debug|Win32.ActiveCfg = Debug|Win32
		{924EFB06-B3F6-32D4-BABB-6F6D4FB4D678}.Debug|Win32.Build.0 = Debug|Win32
		{924EFB06-B3F6-32D4-BABB-6F6D4FB4D678}.Debug|Win32.Deploy.0 = Debug|Win32
		{924EFB06-B3F6-32D4-BABB-6F6D4FB4D678}.Release|Win32.ActiveCfg = Release|Win32
		{924EFB06-B3F6-32D4-BABB-6F6D4FB4D678}.Release|Win32.Build.0 = Release|Win32
		{924EFB06-B3F6-32D4-BABB-6F6D4FB4D678}.Release|Win32.Deploy.0 = Release|Win32
		{E13ED7F4-8E22-34A6-957A-965611C71DE4}.Debug|Win32.ActiveCfg = Debug|Win32
		{E13ED7F4-8E22-34A6-957A-965611C71DE4}.Debug|Win32.Build.0 = Debug|Win32
		{E13ED7F4-8E22-34A6-957A-965611C71DE4}.Debug|Win32.Deploy.0 = Debug|Win32
		{E13ED7F4-8E22-34A6-957A-965611C71DE4}.Release|Win32.ActiveCfg = Release|Win32
		{E13ED7F4-8E22-34A6-957A-965611C71DE4}.Release|Win32.Build.0 = Release|Win32
		{E13ED7F4-8E22-34A6-957A-965611C71DE4}.Release|Win32.Deploy.0 = Release|Win32
		{EC789AED-E954-3EF7-A2E2-DB6A5547DDF9}.Debug|Win32.ActiveCfg = Debug|Win32
		{EC789AED-E954-3EF7-A2E2-DB6A5547DDF9}.Debug|Win32.Build.0 = Debug|Win32
		{EC789AED-E954-3EF7-A2E2-DB6A5547DDF9}.Debug|Win32.Deploy.0 = Debug|Win32
		{EC789AED-E954-3EF7-A2E2-DB6A5547DDF9}.Release|Win32.ActiveCfg = Release|Win32
		{EC789AED-E954-3EF7-A2E2-DB6A5547DDF9}.Release|Win32.Build.0 = Release|Win32
		{EC789AED-E954-3EF7-A2E2-DB6A5547DDF9}.Release|Win32.Deploy.0 = Release|Win32
		{0361CE99-367B-3EAC-A7D5-E2C63777BFEB}.Debug|Win32.ActiveCfg = Debug|Win32
		{0361CE99-367B-3EAC-A7D5-E2C63777BFEB}.Debug|Win32.Build.0 = Debug|Win32
		{0361CE99-367B-3EAC-A7D5-E2C63777BFEB}.Debug|Win32.Deploy.0 = Debug|Win32
		{0361CE99-367B-3EAC-A7D5-E2C63777BFEB}.Release|Win32.ActiveCfg = Release|Win32
		{0361CE99-367B-3EAC-A7D5-E2C63777BFEB}.Release|Win32.Build.0 = Release|Win32
		{0361CE99-367B-3EAC-A7D5-E2C63777BFEB}.Release|Win32.Deploy.0 = Release|Win32
		{A34B9339-3300-3EA8-8A0B-95E646E0EAD5}.Debug|Win32.ActiveCfg = Debug|Win32
		{A34B9339-3300-3EA8-8A0B-95E646E0EAD5}.Debug|Win32.Build.0 = Debug|Win32
		{A34B9339-3300-3EA8-8A0B-95E646E0EAD5}.Debug|Win32.Deploy.0 = Debug|Win32
		{A34B9339-3300-3EA8-8A0B-95E646E0EAD5}.Release|Win32.ActiveCfg = Release|Win32
		{A34B9339-3300-3EA8-8A0B-95E646E0EAD5}.Release|Win32.Build.0 = Release|Win32
		{A34B9339-3300-3EA8-8A0B-95E646E0EAD5}.Release|Win32.Deploy.0 = Release|Win32
		{B4560204-DCE6-31E3-B47C-C98B9FD580EE}.Debug|Win32.ActiveCfg = Debug|Win32
		{B4560204-DCE6-31E3-B47C-C98B9FD580EE}.Debug|Win32.Build.0 = Debug|Win32
		{B4560204-DCE6-31E3-B47C-C98B9FD580EE}.Debug|Win32.Deploy.0 = Debug|Win32
		{B4560204-DCE6-31E3-B47C-C98B9FD580EE}.Release|Win32.ActiveCfg = Release|Win32
		{B4560204-DCE6-31E3-B47C-C98B9FD580EE}.Release|Win32.Build.0 = Release|Win32
		{B4560204-DCE6-31E3-B47C-C98B9FD580EE}.Release|Win32.Deploy.0 = Release|Win32
		{FF4D8D74-999D-33FA-8038-98B8513FB48C}.Debug|Win32.ActiveCfg = Debug|Win32
		{FF4D8D74-999D-33FA-8038-98B8513FB48C}.Debug|Win32.Build.0 = Debug|Win32
		{FF4D8D74-999D-33FA-8038-98B8513FB48C}.Debug|Win32.Deploy.0 = Debug|Win32
		{FF4D8D74-999D-33FA-8038-98B8513FB48C}.Release|Win32.ActiveCfg = Release|Win32
		{FF4D8D74-999D-33FA-8038-98B8513FB48C}.Release|Win32.Build.0 = Release|Win32
		{FF4D8D74-999D-33FA-8038-98B8513FB48C}.Release|Win32.Deploy.0 = Release|Win32
		{EFC94FCB-B9F3-315B-AA7D-5C254CC23A6B}.Debug|Win32.ActiveCfg = Debug|Win32
		{EFC94FCB-B9F3-315B-AA7D-5C254CC23A6B}.Debug|Win32.Build.0 = Debug|Win32
		{EFC94FCB-B9F3-315B-AA7D-5C254CC23A6B}.Debug|Win32.Deploy.0 = Debug|Win32
		{EFC94FCB-B9F3-315B-AA7D-5C254CC23A6B}.Release|Win32.ActiveCfg = Release|Win32
		{EFC94FCB-B9F3-315B-AA7D-5C254CC23A6B}.Release|Win32.Build.0 = Release|Win32
		{EFC94FCB-B9F3-315B-AA7D-5C254CC23A6B}.Release|Win32.Deploy.0 = Release|Win32
		{2C2EE817-C331-331D-9785-3CC94DFC0565}.Debug|Win32.ActiveCfg = Debug|Win32
		{2C2EE817-C331-331D-9785-3CC94DFC0565}.Debug|Win32.Build.0 = Debug|Win32
		{2C2EE817-C331-331D-9785-3CC94DFC0565}.Debug|Win32.Deploy.0 = Debug|Win32
		{2C2EE817-C331-331D-9785-3CC94DFC0565}.Release|Win32.ActiveCfg = Release|Win32
		{2C2EE817-C331-331D-9785-3CC94DFC0565}.Release|Win32.Build.0 = Release|Win32
		{2C2EE817-C331-331D-9785-3CC94DFC0565}.Release|Win32.Deploy.0 = Release|Win32
		{7968FDCD-19E8-327F-912C-0AE7928D5A56}.Debug|Win32.ActiveCfg = Debug|Win32
		{7968FDCD-19E8-327F-912C-0AE7928D5A56}.Debug|Win32.Build.0 = Debug|Win32
		{7968FDCD-19E8-327F-912C-0AE7928D5A56}.Debug|Win32.Deploy.0 = Debug|Win32
		{7968FDCD-19E8-327F-912C-0AE7928D5A56}.Release|Win32.ActiveCfg = Release|Win32
		{7968FDCD-19E8-327F-912C-0AE7928D5A56}.Release|Win32.Build.0 = Release|Win32
		{7968FDCD-19E8-327F-912C-0AE7928D5A56}.Release|Win32.Deploy.0 = Release|Win32
		{4C94B817-E81F-3653-BC9D-A13D3AA6E3CF}.Debug|Win32.ActiveCfg = Debug|Win32
		{4C94B817-E81F-3653-BC9D-A13D3AA6E3CF}.Release|Win32.ActiveCfg = Release|Win32
		{ED50DEFC-0AEB-37CA-98A0-D5867152CE9D}.Debug|Win32.ActiveCfg = Debug|Win32
		{ED50DEFC-0AEB-37CA-98A0-D5867152CE9D}.Debug|Win32.Build.0 = Debug|Win32
		{ED50DEFC-0AEB-37CA-98A0-D5867152CE9D}.Debug|Win32.Deploy.0 = Debug|Win32
		{ED50DEFC-0AEB-37CA-98A0-D5867152CE9D}.Release|Win32.ActiveCfg = Release|Win32
		{ED50DEFC-0AEB-37CA-98A0-D5867152CE9D}.Release|Win32.Build.0 = Release|Win32
		{ED50DEFC-0AEB-37CA-98A0-D5867152CE9D}.Release|Win32.Deploy.0 = Release|Win32
		{1D512798-8BBF-36CF-9FA3-FF7BE467ECD9}.Debug|Win32.ActiveCfg = Debug|Win32
		{1D512798-8BBF-36CF-9FA3-FF7BE467ECD9}.Debug|Win32.Build.0 = Debug|Win32
		{1D512798-8BBF-36CF-9FA3-FF7BE467ECD9}.Debug|Win32.Deploy.0 = Debug|Win32
		{1D512798-8BBF-36CF-9FA3-FF7BE467ECD9}.Release|Win32.ActiveCfg = Release|Win32
		{1D512798-8BBF-36CF-9FA3-FF7BE467ECD9}.Release|Win32.Build.0 = Release|Win32
		{1D512798-8BBF-36CF-9FA3-FF7BE467ECD9}.Release|Win32.Deploy.0 = Release|Win32
		{D7B952C6-8417-3130-A5D9-7674A6E5520E}.Debug|Win32.ActiveCfg = Debug|Win32
		{D7B952C6-8417-3130-A5D9-7674A6E5520E}.Debug|Win32.Build.0 = Debug|Win32
		{D7B952C6-8417-3130-A5D9-7674A6E5520E}.Debug|Win32.Deploy.0 = Debug|Win32
		{D7B952C6-8417-3130-A5D9-7674A6E5520E}.Release|Win32.ActiveCfg = Release|Win32
		{D7B952C6-8417-3130-A5D9-7674A6E5520E}.Release|Win32.Build.0 = Release|Win32
		{D7B952C6-8417-3130-A5D9-7674A6E5520E}.Release|Win32.Deploy.0 = Release|Win32
		{0DFDBAA7-C5C6-3256-B673-EF7ACEE66C54}.Debug|Win32.ActiveCfg = Debug|Win32
		{0DFDBAA7-C5C6-3256-B673-EF7ACEE66C54}.Release|Win32.ActiveCfg = Release|Win32
		{654D8D64-A448-33EB-8D3A-0FB5F80C9CBD}.Debug|Win32.ActiveCfg = Debug|Win32
		{654D8D64-A448-33EB-8D3A-0FB5F80C9CBD}.Debug|Win32.Build.0 = Debug|Win32
		{654D8D64-A448-33EB-8D3A-0FB5F80C9CBD}.Debug|Win32.Deploy.0 = Debug|Win32
		{654D8D64-A448-33EB-8D3A-0FB5F80C9CBD}.Release|Win32.ActiveCfg = Release|Win32
		{654D8D64-A448-33EB-8D3A-0FB5F80C9CBD}.Release|Win32.Build.0 = Release|Win32
		{654D8D64-A448-33EB-8D3A-0FB5F80C9CBD}.Release|Win32.Deploy.0 = Release|Win32
		{2CBF40E0-F1D5-3982-BA4A-E11BB91E9DD8}.Debug|Win32.ActiveCfg = Debug|Win32
		{2CBF40E0-F1D5-3982-BA4A-E11BB91E9DD8}.Release|Win32.ActiveCfg = Release|Win32
		{A240A308-7DD0-3B9F-96DB-888AF3DC373C}.Debug|Win32.ActiveCfg = Debug|Win32
		{A240A308-7DD0-3B9F-96DB-888AF3DC373C}.Debug|Win32.Build.0 = Debug|Win32
		{A240A308-7DD0-3B9F-96DB-888AF3DC373C}.Debug|Win32.Deploy.0 = Debug|Win32
		{A240A308-7DD0-3B9F-96DB-888AF3DC373C}.Release|Win32.ActiveCfg = Release|Win32
		{A240A308-7DD0-3B9F-96DB-888AF3DC373C}.Release|Win32.Build.0 = Release|Win32
		{A240A308-7DD0-3B9F-96DB-888AF3DC373C}.Release|Win32.Deploy.0 = Release|Win32
		{D3BD9E20-9579-363B-804A-79D47133CA5B}.Debug|Win32.ActiveCfg = Debug|Win32
		{D3BD9E20-9579-363B-804A-79D47133CA5B}.Release|Win32.ActiveCfg = Release|Win32
		{8CFE4860-2161-30CD-AF9B-423A5717F0EC}.Debug|Win32.ActiveCfg = Debug|Win32
		{8CFE4860-2161-30CD-AF9B-423A5717F0EC}.Debug|Win32.Build.0 = Debug|Win32
		{8CFE4860-2161-30CD-AF9B-423A5717F0EC}.Debug|Win32.Deploy.0 = Debug|Win32
		{8CFE4860-2161-30CD-AF9B-423A5717F0EC}.Release|Win32.ActiveCfg = Release|Win32
		{8CFE4860-2161-30CD-AF9B-423A5717F0EC}.Release|Win32.Build.0 = Release|Win32
		{8CFE4860-2161-30CD-AF9B-423A5717F0EC}.Release|Win32.Deploy.0 = Release|Win32
		{5D9E94C1-1674-35DA-A5BB-92155D2E29EF}.Debug|Win32.ActiveCfg = Debug|Win32
		{5D9E94C1-1674-35DA-A5BB-92155D2E29EF}.Release|Win32.ActiveCfg = Release|Win32
		{FD86AAD8-960E-3B40-A1DB-C325C347C704}.Debug|Win32.ActiveCfg = Debug|Win32
		{FD86AAD8-960E-3B40-A1DB-C325C347C704}.Debug|Win32.Build.0 = Debug|Win32
		{FD86AAD8-960E-3B40-A1DB-C325C347C704}.Debug|Win32.Deploy.0 = Debug|Win32
		{FD86AAD8-960E-3B40-A1DB-C325C347C704}.Release|Win32.ActiveCfg = Release|Win32
		{FD86AAD8-960E-3B40-A1DB-C325C347C704}.Release|Win32.Build.0 = Release|Win32
		{FD86AAD8-960E-3B40-A1DB-C325C347C704}.Release|Win32.Deploy.0 = Release|Win32
		{A1BD384B-D33F-3204-8E28-985D3EFD730F}.Debug|Win32.ActiveCfg = Debug|Win32
		{A1BD384B-D33F-3204-8E28-985D3EFD730F}.Debug|Win32.Build.0 = Debug|Win32
		{A1BD384B-D33F-3204-8E28-985D3EFD730F}.Debug|Win32.Deploy.0 = Debug|Win32
		{A1BD384B-D33F-3204-8E28-985D3EFD730F}.Release|Win32.ActiveCfg = Release|Win32
		{A1BD384B-D33F-3204-8E28-985D3EFD730F}.Release|Win32.Build.0 = Release|Win32
		{A1BD384B-D33F-3204-8E28-985D3EFD730F}.Release|Win32.Deploy.0 = Release|Win32
		{ADD6E154-100E-3D4B-BAE1-D870E01EA834}.Debug|Win32.ActiveCfg = Debug|Win32
		{ADD6E154-100E-3D4B-BAE1-D870E01EA834}.Debug|Win32.Build.0 = Debug|Win32
		{ADD6E154-100E-3D4B-BAE1-D870E01EA834}.Debug|Win32.Deploy.0 = Debug|Win32
		{ADD6E154-100E-3D4B-BAE1-D870E01EA834}.Release|Win32.ActiveCfg = Release|Win32
		{ADD6E154-100E-3D4B-BAE1-D870E01EA834}.Release|Win32.Build.0 = Release|Win32
		{ADD6E154-100E-3D4B-BAE1-D870E01EA834}.Release|Win32.Deploy.0 = Release|Win32
		{295DA531-3669-3613-ACCE-1B920B3F875A}.Debug|Win32.ActiveCfg = Debug|Win32
		{295DA531-3669-3613-ACCE-1B920B3F875A}.Debug|Win32.Build.0 = Debug|Win32
		{295DA531-3669-3613-ACCE-1B920B3F875A}.Debug|Win32.Deploy.0 = Debug|Win32
		{295DA531-3669-3613-ACCE-1B920B3F875A}.Release|Win32.ActiveCfg = Release|Win32
		{295DA531-3669-3613-ACCE-1B920B3F875A}.Release|Win32.Build.0 = Release|Win32
		{295DA531-3669-3613-ACCE-1B920B3F875A}.Release|Win32.Deploy.0 = Release|Win32
		{DFBD73CF-FA8F-3DE2-992F-D8AA504248D6}.Debug|Win32.ActiveCfg = Debug|Win32
		{DFBD73CF-FA8F-3DE2-992F-D8AA504248D6}.Debug|Win32.Build.0 = Debug|Win32
		{DFBD73CF-FA8F-3DE2-992F-D8AA504248D6}.Debug|Win32.Deploy.0 = Debug|Win32
		{DFBD73CF-FA8F-3DE2-992F-D8AA504248D6}.Release|Win32.ActiveCfg = Release|Win32
		{DFBD73CF-FA8F-3DE2-992F-D8AA504248D6}.Release|Win32.Build.0 = Release|Win32
		{DFBD73CF-FA8F-3DE2-992F-D8AA504248D6}.Release|Win32.Deploy.0 = Release|Win32
		{3C4F20ED-FF23-36D1-99D2-F3B973CC7C9F}.Debug|Win32.ActiveCfg = Debug|Win32
		{3C4F20ED-FF23-36D1-99D2-F3B973CC7C9F}.Debug|Win32.Build.0 = Debug|Win32
		{3C4F20ED-FF23-36D1-99D2-F3B973CC7C9F}.Debug|Win32.Deploy.0 = Debug|Win32
		{3C4F20ED-FF23-36D1-99D2-F3B973CC7C9F}.Release|Win32.ActiveCfg = Release|Win32
		{3C4F20ED-FF23-36D1-99D2-F3B973CC7C9F}.Release|Win32.Build.0 = Release|Win32
		{3C4F20ED-FF23-36D1-99D2-F3B973CC7C9F}.Release|Win32.Deploy.0 = Release|Win32
		{265CE73F-8B6E-348B-93FD-4D825B742DC4}.Debug|Win32.ActiveCfg = Debug|Win32
		{265CE73F-8B6E-348B-93FD-4D825B742DC4}.Debug|Win32.Build.0 = Debug|Win32
		{265CE73F-8B6E-348B-93FD-4D825B742DC4}.Debug|Win32.Deploy.0 = Debug|Win32
		{265CE73F-8B6E-348B-93FD-4D825B742DC4}.Release|Win32.ActiveCfg = Release|Win32
		{265CE73F-8B6E-348B-93FD-4D825B742DC4}.Release|Win32.Build.0 = Release|Win32
		{265CE73F-8B6E-348B-93FD-4D825B742DC4}.Release|Win32.Deploy.0 = Release|Win32
		{A47DB677-45A1-3EB3-8157-3A7F5024055F}.Debug|Win32.ActiveCfg = Debug|Win32
		{A47DB677-45A1-3EB3-8157-3A7F5024055F}.Debug|Win32.Build.0 = Debug|Win32
		{A47DB677-45A1-3EB3-8157-3A7F5024055F}.Debug|Win32.Deploy.0 = Debug|Win32
		{A47DB677-45A1-3EB3-8157-3A7F5024055F}.Release|Win32.ActiveCfg = Release|Win32
		{A47DB677-45A1-3EB3-8157-3A7F5024055F}.Release|Win32.Build.0 = Release|Win32
		{A47DB677-45A1-3EB3-8157-3A7F5024055F}.Release|Win32.Deploy.0 = Release|Win32
		{EC1C0F12-2FC1-3065-BFD4-4C6438BCAD38}.Debug|Win32.ActiveCfg = Debug|Win32
		{EC1C0F12-2FC1-3065-BFD4-4C6438BCAD38}.Debug|Win32.Build.0 = Debug|Win32
		{EC1C0F12-2FC1-3065-BFD4-4C6438BCAD38}.Debug|Win32.Deploy.0 = Debug|Win32
		{EC1C0F12-2FC1-3065-BFD4-4C6438BCAD38}.Release|Win32.ActiveCfg = Release|Win32
		{EC1C0F12-2FC1-3065-BFD4-4C6438BCAD38}.Release|Win32.Build.0 = Release|Win32
		{EC1C0F12-2FC1-3065-BFD4-4C6438BCAD38}.Release|Win32.Deploy.0 = Release|Win32
		{6CCEF62B-7C1B-3C2D-9CFF-AE31A87A40B1}.Debug|Win32.ActiveCfg = Debug|Win32
		{6CCEF62B-7C1B-3C2D-9CFF-AE31A87A40B1}.Debug|Win32.Build.0 = Debug|Win32
		{6CCEF62B-7C1B-3C2D-9CFF-AE31A87A40B1}.Debug|Win32.Deploy.0 = Debug|Win32
		{6CCEF62B-7C1B-3C2D-9CFF-AE31A87A40B1}.Release|Win32.ActiveCfg = Release|Win32
		{6CCEF62B-7C1B-3C2D-9CFF-AE31A87A40B1}.Release|Win32.Build.0 = Release|Win32
		{6CCEF62B-7C1B-3C2D-9CFF-AE31A87A40B1}.Release|Win32.Deploy.0 = Release|Win32
		{171B235E-4BA9-3C61-AD27-413D7F261AB6}.Debug|Win32.ActiveCfg = Debug|Win32
		{171B235E-4BA9-3C61-AD27-413D7F261AB6}.Debug|Win32.Build.0 = Debug|Win32
		{171B235E-4BA9-3C61-AD27-413D7F261AB6}.Debug|Win32.Deploy.0 = Debug|Win32
		{171B235E-4BA9-3C61-AD27-413D7F261AB6}.Release|Win32.ActiveCfg = Release|Win32
		{171B235E-4BA9-3C61-AD27-413D7F261AB6}.Release|Win32.Build.0 = Release|Win32
		{171B235E-4BA9-3C61-AD27-413D7F261AB6}.Release|Win32.Deploy.0 = Release|Win32
		{4E7EC2A6-A8F9-3E16-9153-1BB2D80F7A76}.Debug|Win32.ActiveCfg = Debug|Win32
		{4E7EC2A6-A8F9-3E16-9153-1BB2D80F7A76}.Debug|Win32.Build.0 = Debug|Win32
		{4E7EC2A6-A8F9-3E16-9153-1BB2D80F7A76}.Debug|Win32.Deploy.0 = Debug|Win32
		{4E7EC2A6-A8F9-3E16-9153-1BB2D80F7A76}.Release|Win32.ActiveCfg = Release|Win32
		{4E7EC2A6-A8F9-3E16-9153-1BB2D80F7A76}.Release|Win32.Build.0 = Release|Win32
		{4E7EC2A6-A8F9-3E16-9153-1BB2D80F7A76}.Release|Win32.Deploy.0 = Release|Win32
		{3674D3E1-E1B1-3FF3-83C4-21E782E28EE6}.Debug|Win32.ActiveCfg = Debug|Win32
		{3674D3E1-E1B1-3FF3-83C4-21E782E28EE6}.Debug|Win32.Build.0 = Debug|Win32
		{3674D3E1-E1B1-3FF3-83C4-21E782E28EE6}.Debug|Win32.Deploy.0 = Debug|Win32
		{3674D3E1-E1B1-3FF3-83C4-21E782E28EE6}.Release|Win32.ActiveCfg = Release|Win32
		{3674D3E1-E1B1-3FF3-83C4-21E782E28EE6}.Release|Win32.Build.0 = Release|Win32
		{3674D3E1-E1B1-3FF3-83C4-21E782E28EE6}.Release|Win32.Deploy.0 = Release|Win32
		{7C8F6E5B-78CC-3C45-8250-59CB21B9C4E8}.Debug|Win32.ActiveCfg = Debug|Win32
		{7C8F6E5B-78CC-3C45-8250-59CB21B9C4E8}.Debug|Win32.Build.0 = Debug|Win32
		{7C8F6E5B-78CC-3C45-8250-59CB21B9C4E8}.Debug|Win32.Deploy.0 = Debug|Win32
		{7C8F6E5B-78CC-3C45-8250-59CB21B9C4E8}.Release|Win32.ActiveCfg = Release|Win32
		{7C8F6E5B-78CC-3C45-8250-59CB21B9C4E8}.Release|Win32.Build.0 = Release|Win32
		{7C8F6E5B-78CC-3C45-8250-59CB21B9C4E8}.Release|Win32.Deploy.0 = Release|Win32
		{C58FAC26-9414-3B1F-9E56-E0CD8CE57A94}.Debug|Win32.ActiveCfg = Debug|Win32
		{C58FAC26-9414-3B1F-9E56-E0CD8CE57A94}.Debug|Win32.Build.0 = Debug|Win32
		{C58FAC26-9414-3B1F-9E56-E0CD8CE57A94}.Debug|Win32.Deploy.0 = Debug|Win32
		{C58FAC26-9414-3B1F-9E56-E0CD8CE57A94}.Release|Win32.ActiveCfg = Release|Win32
		{C58FAC26-9414-3B1F-9E56-E0CD8CE57A94}.Release|Win32.Build.0 = Release|Win32
		{C58FAC26-9414-3B1F-9E56-E0CD8CE57A94}.Release|Win32.Deploy.0 = Release|Win32
		{022A0C4A-4C0F-35BD-B98B-0BD82AE0CF36}.Debug|Win32.ActiveCfg = Debug|Win32
		{022A0C4A-4C0F-35BD-B98B-0BD82AE0CF36}.Release|Win32.ActiveCfg = Release|Win32
		{AA11520B-8E00-3058-AE16-61B24466140A}.Debug|Win32.ActiveCfg = Debug|Win32
		{AA11520B-8E00-3058-AE16-61B24466140A}.Debug|Win32.Build.0 = Debug|Win32
		{AA11520B-8E00-3058-AE16-61B24466140A}.Release|Win32.ActiveCfg = Release|Win32
		{AA11520B-8E00-3058-AE16-61B24466140A}.Release|Win32.Build.0 = Release|Win32
		{9AFF5379-D7F5-3052-93E0-362F702C1418}.Debug|Win32.ActiveCfg = Debug|Win32
		{9AFF5379-D7F5-3052-93E0-362F702C1418}.Debug|Win32.Build.0 = Debug|Win32
		{9AFF5379-D7F5-3052-93E0-362F702C1418}.Debug|Win32.Deploy.0 = Debug|Win32
		{9AFF5379-D7F5-3052-93E0-362F702C1418}.Release|Win32.ActiveCfg = Release|Win32
		{9AFF5379-D7F5-3052-93E0-362F702C1418}.Release|Win32.Build.0 = Release|Win32
		{9AFF5379-D7F5-3052-93E0-362F702C1418}.Release|Win32.Deploy.0 = Release|Win32
		{E90B5A9F-7100-3EBD-9801-AF067C881768}.Debug|Win32.ActiveCfg = Debug|Win32
		{E90B5A9F-7100-3EBD-9801-AF067C881768}.Release|Win32.ActiveCfg = Release|Win32
		{03A2A4E2-C79C-3921-85EF-77F85133B119}.Debug|Win32.ActiveCfg = Debug|Win32
		{03A2A4E2-C79C-3921-85EF-77F85133B119}.Debug|Win32.Build.0 = Debug|Win32
		{03A2A4E2-C79C-3921-85EF-77F85133B119}.Debug|Win32.Deploy.0 = Debug|Win32
		{03A2A4E2-C79C-3921-85EF-77F85133B119}.Release|Win32.ActiveCfg = Release|Win32
		{03A2A4E2-C79C-3921-85EF-77F85133B119}.Release|Win32.Build.0 = Release|Win32
		{03A2A4E2-C79C-3921-85EF-77F85133B119}.Release|Win32.Deploy.0 = Release|Win32
		{2F6C4723-E953-3FFE-AAD0-4F9B21DDC58C}.Debug|Win32.ActiveCfg = Debug|Win32
		{2F6C4723-E953-3FFE-AAD0-4F9B21DDC58C}.Release|Win32.ActiveCfg = Release|Win32
		{F9122F10-3D55-31DD-9DE2-C8E829E0F520}.Debug|Win32.ActiveCfg = Debug|Win32
		{F9122F10-3D55-31DD-9DE2-C8E829E0F520}.Debug|Win32.Build.0 = Debug|Win32
		{F9122F10-3D55-31DD-9DE2-C8E829E0F520}.Debug|Win32.Deploy.0 = Debug|Win32
		{F9122F10-3D55-31DD-9DE2-C8E829E0F520}.Release|Win32.ActiveCfg = Release|Win32
		{F9122F10-3D55-31DD-9DE2-C8E829E0F520}.Release|Win32.Build.0 = Release|Win32
		{F9122F10-3D55-31DD-9DE2-C8E829E0F520}.Release|Win32.Deploy.0 = Release|Win32
		{583B1CC9-DB65-3C6B-A57C-4DC0CCB2E3D9}.Debug|Win32.ActiveCfg = Debug|Win32
		{583B1CC9-DB65-3C6B-A57C-4DC0CCB2E3D9}.Release|Win32.ActiveCfg = Release|Win32
		{2819B0BF-344F-3473-B779-1124226F3BB2}.Debug|Win32.ActiveCfg = Debug|Win32
		{2819B0BF-344F-3473-B779-1124226F3BB2}.Release|Win32.ActiveCfg = Release|Win32
		{81ACB54D-CC01-39C7-8A8E-4FE7545E958A}.Debug|Win32.ActiveCfg = Debug|Win32
		{81ACB54D-CC01-39C7-8A8E-4FE7545E958A}.Debug|Win32.Build.0 = Debug|Win32
		{81ACB54D-CC01-39C7-8A8E-4FE7545E958A}.Release|Win32.ActiveCfg = Release|Win32
		{81ACB54D-CC01-39C7-8A8E-4FE7545E958A}.Release|Win32.Build.0 = Release|Win32
	EndGlobalSection
	GlobalSection(NestedProjects) = preSolution
		{BD2230D9-77C8-3557-92A5-C5CBC8E531E5} = {446D69D2-F67C-3520-8430-C7954CF7FA55}
		{B145F532-5898-3711-9A2B-978D6366E48B} = {446D69D2-F67C-3520-8430-C7954CF7FA55}
		{1C9CA604-2F71-3B7B-930E-85D45B8FDABA} = {446D69D2-F67C-3520-8430-C7954CF7FA55}
		{D353D531-C65E-3B61-81C8-9A20F51D2FEA} = {446D69D2-F67C-3520-8430-C7954CF7FA55}
		{81ACB54D-CC01-39C7-8A8E-4FE7545E958A} = {446D69D2-F67C-3520-8430-C7954CF7FA55}
		{1CEA4C39-3DF5-34B3-8EE4-B6D930CF1293} = {797F808B-B636-3E4D-990A-C03F6044903C}
		{5F7ECEF5-7B61-3327-AC64-55B899087B29} = {797F808B-B636-3E4D-990A-C03F6044903C}
		{5C816D10-C536-3B37-B91A-3CE6C3537738} = {797F808B-B636-3E4D-990A-C03F6044903C}
		{2819B0BF-344F-3473-B779-1124226F3BB2} = {797F808B-B636-3E4D-990A-C03F6044903C}
		{05018D47-8469-324E-AB5A-801EB8FB8498} = {81841C48-5082-31C0-9C2C-A2C3795F6E06}
		{4C94B817-E81F-3653-BC9D-A13D3AA6E3CF} = {81841C48-5082-31C0-9C2C-A2C3795F6E06}
		{022A0C4A-4C0F-35BD-B98B-0BD82AE0CF36} = {81841C48-5082-31C0-9C2C-A2C3795F6E06}
		{2258C69E-EACC-3D36-9C27-15048D0CEAD5} = {7D481FFD-F46B-320F-98DE-8EEEFA7DA741}
		{8DF3B0B0-48F1-31DC-BFDD-BAD8D74E7DDE} = {7D481FFD-F46B-320F-98DE-8EEEFA7DA741}
		{0B6901DF-3063-3298-9C38-3B67104CB5A0} = {7D481FFD-F46B-320F-98DE-8EEEFA7DA741}
		{979E634B-1C12-33C2-A9F4-EA1FD5F99260} = {7D481FFD-F46B-320F-98DE-8EEEFA7DA741}
		{7B5061A7-561B-3040-85DB-6A743C63FB8D} = {7D481FFD-F46B-320F-98DE-8EEEFA7DA741}
		{F1D233CD-2E06-31CF-82C9-46F47228AD07} = {7D481FFD-F46B-320F-98DE-8EEEFA7DA741}
		{ACA9B782-DABE-341E-85EB-C68A5C3F711D} = {7D481FFD-F46B-320F-98DE-8EEEFA7DA741}
		{6046756D-65F2-3904-8538-1077A4CBBDFC} = {7D481FFD-F46B-320F-98DE-8EEEFA7DA741}
		{99D55B16-EE01-37A0-B234-82D9EA999323} = {7D481FFD-F46B-320F-98DE-8EEEFA7DA741}
		{E27D8C96-7CF9-305D-A247-CD4D96DA3A3F} = {7D481FFD-F46B-320F-98DE-8EEEFA7DA741}
		{D7B952C6-8417-3130-A5D9-7674A6E5520E} = {7D481FFD-F46B-320F-98DE-8EEEFA7DA741}
		{654D8D64-A448-33EB-8D3A-0FB5F80C9CBD} = {7D481FFD-F46B-320F-98DE-8EEEFA7DA741}
		{A240A308-7DD0-3B9F-96DB-888AF3DC373C} = {7D481FFD-F46B-320F-98DE-8EEEFA7DA741}
		{8CFE4860-2161-30CD-AF9B-423A5717F0EC} = {7D481FFD-F46B-320F-98DE-8EEEFA7DA741}
		{AA11520B-8E00-3058-AE16-61B24466140A} = {7D481FFD-F46B-320F-98DE-8EEEFA7DA741}
		{9AFF5379-D7F5-3052-93E0-362F702C1418} = {7D481FFD-F46B-320F-98DE-8EEEFA7DA741}
		{03A2A4E2-C79C-3921-85EF-77F85133B119} = {7D481FFD-F46B-320F-98DE-8EEEFA7DA741}
		{F9122F10-3D55-31DD-9DE2-C8E829E0F520} = {7D481FFD-F46B-320F-98DE-8EEEFA7DA741}
		{C5A9AFFC-E8A4-3B43-8F27-2124C2C1B861} = {91E794AC-5E6B-3180-9F4C-3E36C9A119E2}
		{5EEACE4F-EB61-316A-AC0F-539E36900CD8} = {91E794AC-5E6B-3180-9F4C-3E36C9A119E2}
		{6EF2F934-BCD1-376D-BF64-AE8D64BCB9ED} = {91E794AC-5E6B-3180-9F4C-3E36C9A119E2}
		{2A1C04FB-568C-347D-AC34-A72E95D97BD5} = {91E794AC-5E6B-3180-9F4C-3E36C9A119E2}
		{7BDACEAC-9EA9-3CBA-A40F-D5743E5C3417} = {91E794AC-5E6B-3180-9F4C-3E36C9A119E2}
		{4B5D9E0B-70FB-3BCF-9D58-5BDC523A0C10} = {91E794AC-5E6B-3180-9F4C-3E36C9A119E2}
		{BD7A0212-8377-3F0B-803B-A5E4349AE5A0} = {91E794AC-5E6B-3180-9F4C-3E36C9A119E2}
		{7EA0115C-D218-3B44-897B-05D8F8A29AC3} = {91E794AC-5E6B-3180-9F4C-3E36C9A119E2}
		{B4F2F8D4-1C56-3517-957D-8A8A2F448B6E} = {91E794AC-5E6B-3180-9F4C-3E36C9A119E2}
		{0A49F3AF-2F76-3648-84C8-14F0E36221C8} = {91E794AC-5E6B-3180-9F4C-3E36C9A119E2}
		{0DFDBAA7-C5C6-3256-B673-EF7ACEE66C54} = {91E794AC-5E6B-3180-9F4C-3E36C9A119E2}
		{2CBF40E0-F1D5-3982-BA4A-E11BB91E9DD8} = {91E794AC-5E6B-3180-9F4C-3E36C9A119E2}
		{D3BD9E20-9579-363B-804A-79D47133CA5B} = {91E794AC-5E6B-3180-9F4C-3E36C9A119E2}
		{5D9E94C1-1674-35DA-A5BB-92155D2E29EF} = {91E794AC-5E6B-3180-9F4C-3E36C9A119E2}
		{E90B5A9F-7100-3EBD-9801-AF067C881768} = {91E794AC-5E6B-3180-9F4C-3E36C9A119E2}
		{2F6C4723-E953-3FFE-AAD0-4F9B21DDC58C} = {91E794AC-5E6B-3180-9F4C-3E36C9A119E2}
		{583B1CC9-DB65-3C6B-A57C-4DC0CCB2E3D9} = {91E794AC-5E6B-3180-9F4C-3E36C9A119E2}
		{FD86AAD8-960E-3B40-A1DB-C325C347C704} = {FA59853B-B6A7-373E-8E71-3B1487747681}
		{A1BD384B-D33F-3204-8E28-985D3EFD730F} = {FA59853B-B6A7-373E-8E71-3B1487747681}
		{ADD6E154-100E-3D4B-BAE1-D870E01EA834} = {FA59853B-B6A7-373E-8E71-3B1487747681}
		{295DA531-3669-3613-ACCE-1B920B3F875A} = {FA59853B-B6A7-373E-8E71-3B1487747681}
		{DFBD73CF-FA8F-3DE2-992F-D8AA504248D6} = {FA59853B-B6A7-373E-8E71-3B1487747681}
		{3C4F20ED-FF23-36D1-99D2-F3B973CC7C9F} = {FA59853B-B6A7-373E-8E71-3B1487747681}
		{265CE73F-8B6E-348B-93FD-4D825B742DC4} = {FA59853B-B6A7-373E-8E71-3B1487747681}
		{A47DB677-45A1-3EB3-8157-3A7F5024055F} = {FA59853B-B6A7-373E-8E71-3B1487747681}
		{EC1C0F12-2FC1-3065-BFD4-4C6438BCAD38} = {FA59853B-B6A7-373E-8E71-3B1487747681}
		{6CCEF62B-7C1B-3C2D-9CFF-AE31A87A40B1} = {FA59853B-B6A7-373E-8E71-3B1487747681}
		{171B235E-4BA9-3C61-AD27-413D7F261AB6} = {FA59853B-B6A7-373E-8E71-3B1487747681}
		{4E7EC2A6-A8F9-3E16-9153-1BB2D80F7A76} = {FA59853B-B6A7-373E-8E71-3B1487747681}
		{3674D3E1-E1B1-3FF3-83C4-21E782E28EE6} = {FA59853B-B6A7-373E-8E71-3B1487747681}
		{7C8F6E5B-78CC-3C45-8250-59CB21B9C4E8} = {FA59853B-B6A7-373E-8E71-3B1487747681}
		{C58FAC26-9414-3B1F-9E56-E0CD8CE57A94} = {FA59853B-B6A7-373E-8E71-3B1487747681}
		{924EFB06-B3F6-32D4-BABB-6F6D4FB4D678} = {887FC2E3-B964-3E0F-9254-66F19AA836AD}
		{E13ED7F4-8E22-34A6-957A-965611C71DE4} = {887FC2E3-B964-3E0F-9254-66F19AA836AD}
		{EC789AED-E954-3EF7-A2E2-DB6A5547DDF9} = {887FC2E3-B964-3E0F-9254-66F19AA836AD}
		{0361CE99-367B-3EAC-A7D5-E2C63777BFEB} = {887FC2E3-B964-3E0F-9254-66F19AA836AD}
		{A34B9339-3300-3EA8-8A0B-95E646E0EAD5} = {887FC2E3-B964-3E0F-9254-66F19AA836AD}
		{B4560204-DCE6-31E3-B47C-C98B9FD580EE} = {887FC2E3-B964-3E0F-9254-66F19AA836AD}
		{FF4D8D74-999D-33FA-8038-98B8513FB48C} = {887FC2E3-B964-3E0F-9254-66F19AA836AD}
		{EFC94FCB-B9F3-315B-AA7D-5C254CC23A6B} = {887FC2E3-B964-3E0F-9254-66F19AA836AD}
		{2C2EE817-C331-331D-9785-3CC94DFC0565} = {887FC2E3-B964-3E0F-9254-66F19AA836AD}
		{7968FDCD-19E8-327F-912C-0AE7928D5A56} = {887FC2E3-B964-3E0F-9254-66F19AA836AD}
		{ED50DEFC-0AEB-37CA-98A0-D5867152CE9D} = {887FC2E3-B964-3E0F-9254-66F19AA836AD}
		{1D512798-8BBF-36CF-9FA3-FF7BE467ECD9} = {887FC2E3-B964-3E0F-9254-66F19AA836AD}
	EndGlobalSection
	GlobalSection(ExtensibilityGlobals) = postSolution
	EndGlobalSection
	GlobalSection(ExtensibilityAddIns) = postSolution
	EndGlobalSection
EndGlobal
