<?xml version="1.0" encoding="UTF-8"?>
<Project ToolsVersion="14.0" xmlns="http://schemas.microsoft.com/developer/msbuild/2003">
  <ItemGroup>
    <ClCompile Include="C:\Users\Ilir\Projects\UWPOpenCV\opencv_contrib\modules\bioinspired\src\basicretinafilter.cpp">
      <Filter>Src</Filter>
    </ClCompile>
    <ClCompile Include="C:\Users\Ilir\Projects\UWPOpenCV\opencv_contrib\modules\bioinspired\src\imagelogpolprojection.cpp">
      <Filter>Src</Filter>
    </ClCompile>
    <ClCompile Include="C:\Users\Ilir\Projects\UWPOpenCV\opencv_contrib\modules\bioinspired\src\magnoretinafilter.cpp">
      <Filter>Src</Filter>
    </ClCompile>
    <ClCompile Include="C:\Users\Ilir\Projects\UWPOpenCV\opencv_contrib\modules\bioinspired\src\parvoretinafilter.cpp">
      <Filter>Src</Filter>
    </ClCompile>
    <ClCompile Include="C:\Users\Ilir\Projects\UWPOpenCV\opencv_contrib\modules\bioinspired\src\retina.cpp">
      <Filter>Src</Filter>
    </ClCompile>
    <ClCompile Include="C:\Users\Ilir\Projects\UWPOpenCV\opencv_contrib\modules\bioinspired\src\retinacolor.cpp">
      <Filter>Src</Filter>
    </ClCompile>
    <ClCompile Include="C:\Users\Ilir\Projects\UWPOpenCV\opencv_contrib\modules\bioinspired\src\retinafasttonemapping.cpp">
      <Filter>Src</Filter>
    </ClCompile>
    <ClCompile Include="C:\Users\Ilir\Projects\UWPOpenCV\opencv_contrib\modules\bioinspired\src\retinafilter.cpp">
      <Filter>Src</Filter>
    </ClCompile>
    <ClCompile Include="C:\Users\Ilir\Projects\UWPOpenCV\opencv_contrib\modules\bioinspired\src\retina_ocl.cpp">
      <Filter>Src</Filter>
    </ClCompile>
    <ClCompile Include="C:\Users\Ilir\Projects\UWPOpenCV\opencv_contrib\modules\bioinspired\src\transientareassegmentationmodule.cpp">
      <Filter>Src</Filter>
    </ClCompile>
    <ClCompile Include="C:\Users\Ilir\Projects\UWPOpenCV\opencv\uwp_build\modules\bioinspired\opencl_kernels_bioinspired.cpp">
      <Filter>Src\opencl\kernels\autogenerated</Filter>
    </ClCompile>
    <ClCompile Include="C:\Users\Ilir\Projects\UWPOpenCV\opencv\uwp_build\modules\bioinspired\opencv_bioinspired_pch.cpp">
      <Filter>Source Files</Filter>
    </ClCompile>
  </ItemGroup>
  <ItemGroup>
    <ClInclude Include="C:\Users\Ilir\Projects\UWPOpenCV\opencv_contrib\modules\bioinspired\include\opencv2\bioinspired.hpp">
      <Filter>Include\opencv2</Filter>
    </ClInclude>
    <ClInclude Include="C:\Users\Ilir\Projects\UWPOpenCV\opencv_contrib\modules\bioinspired\include\opencv2\bioinspired\bioinspired.hpp">
      <Filter>Include\opencv2\bioinspired</Filter>
    </ClInclude>
    <ClInclude Include="C:\Users\Ilir\Projects\UWPOpenCV\opencv_contrib\modules\bioinspired\include\opencv2\bioinspired\retina.hpp">
      <Filter>Include\opencv2\bioinspired</Filter>
    </ClInclude>
    <ClInclude Include="C:\Users\Ilir\Projects\UWPOpenCV\opencv_contrib\modules\bioinspired\include\opencv2\bioinspired\retinafasttonemapping.hpp">
      <Filter>Include\opencv2\bioinspired</Filter>
    </ClInclude>
    <ClInclude Include="C:\Users\Ilir\Projects\UWPOpenCV\opencv_contrib\modules\bioinspired\include\opencv2\bioinspired\transientareassegmentationmodule.hpp">
      <Filter>Include\opencv2\bioinspired</Filter>
    </ClInclude>
    <ClInclude Include="C:\Users\Ilir\Projects\UWPOpenCV\opencv\uwp_build\modules\bioinspired\opencl_kernels_bioinspired.hpp">
      <Filter>Src\opencl\kernels\autogenerated</Filter>
    </ClInclude>
    <ClInclude Include="C:\Users\Ilir\Projects\UWPOpenCV\opencv_contrib\modules\bioinspired\src\basicretinafilter.hpp">
      <Filter>Src</Filter>
    </ClInclude>
    <ClInclude Include="C:\Users\Ilir\Projects\UWPOpenCV\opencv_contrib\modules\bioinspired\src\imagelogpolprojection.hpp">
      <Filter>Src</Filter>
    </ClInclude>
    <ClInclude Include="C:\Users\Ilir\Projects\UWPOpenCV\opencv_contrib\modules\bioinspired\src\magnoretinafilter.hpp">
      <Filter>Src</Filter>
    </ClInclude>
    <ClInclude Include="C:\Users\Ilir\Projects\UWPOpenCV\opencv_contrib\modules\bioinspired\src\parvoretinafilter.hpp">
      <Filter>Src</Filter>
    </ClInclude>
    <ClInclude Include="C:\Users\Ilir\Projects\UWPOpenCV\opencv_contrib\modules\bioinspired\src\precomp.hpp">
      <Filter>Src</Filter>
    </ClInclude>
    <ClInclude Include="C:\Users\Ilir\Projects\UWPOpenCV\opencv_contrib\modules\bioinspired\src\retinacolor.hpp">
      <Filter>Src</Filter>
    </ClInclude>
    <ClInclude Include="C:\Users\Ilir\Projects\UWPOpenCV\opencv_contrib\modules\bioinspired\src\retinafilter.hpp">
      <Filter>Src</Filter>
    </ClInclude>
    <ClInclude Include="C:\Users\Ilir\Projects\UWPOpenCV\opencv_contrib\modules\bioinspired\src\retina_ocl.hpp">
      <Filter>Src</Filter>
    </ClInclude>
    <ClInclude Include="C:\Users\Ilir\Projects\UWPOpenCV\opencv_contrib\modules\bioinspired\src\templatebuffer.hpp">
      <Filter>Src</Filter>
    </ClInclude>
    <ClInclude Include="C:\Users\Ilir\Projects\UWPOpenCV\opencv\uwp_build\cvconfig.h">
      <Filter>Header Files</Filter>
    </ClInclude>
    <ClInclude Include="C:\Users\Ilir\Projects\UWPOpenCV\opencv\uwp_build\opencv2\opencv_modules.hpp">
      <Filter>Header Files</Filter>
    </ClInclude>
  </ItemGroup>
  <ItemGroup>
    <CustomBuild Include="C:\Users\Ilir\Projects\UWPOpenCV\opencv_contrib\modules\bioinspired\CMakeLists.txt" />
    <CustomBuild Include="C:\Users\Ilir\Projects\UWPOpenCV\opencv\uwp_build\CMakeFiles\6987d972045e9a7fd872fe6d6f6b322e\opencl_kernels_bioinspired.cpp.rule">
      <Filter>CMake Rules</Filter>
    </CustomBuild>
  </ItemGroup>
  <ItemGroup>
    <None Include="C:\Users\Ilir\Projects\UWPOpenCV\opencv_contrib\modules\bioinspired\src\opencl\retina_kernel.cl">
      <Filter>Src\opencl\kernels</Filter>
    </None>
  </ItemGroup>
  <ItemGroup>
    <Filter Include="Source Files">
      <UniqueIdentifier>{E04FA0AE-63BD-3D6F-AEE3-5182FD87F9C3}</UniqueIdentifier>
    </Filter>
    <Filter Include="Header Files">
      <UniqueIdentifier>{504E0750-E809-3FBB-9147-EE646D977025}</UniqueIdentifier>
    </Filter>
    <Filter Include="CMake Rules">
      <UniqueIdentifier>{023FBBFD-2D7F-320A-ADE2-1B067F750BF1}</UniqueIdentifier>
    </Filter>
    <Filter Include="Src">
      <UniqueIdentifier>{CA0924E7-8235-3FAB-923E-E6173B406E01}</UniqueIdentifier>
    </Filter>
    <Filter Include="Include">
      <UniqueIdentifier>{864CE264-5A6B-3A22-9BEF-4C543D280F46}</UniqueIdentifier>
    </Filter>
    <Filter Include="Include\opencv2">
      <UniqueIdentifier>{09A1B7DB-0608-3580-BEDD-3662D4A6CEE0}</UniqueIdentifier>
    </Filter>
    <Filter Include="Include\opencv2\bioinspired">
      <UniqueIdentifier>{AA39FF95-6565-3470-9B48-F2413357FCE0}</UniqueIdentifier>
    </Filter>
    <Filter Include="Src\opencl\kernels">
      <UniqueIdentifier>{13EE88E3-2B23-333A-9B2E-10E1834DD830}</UniqueIdentifier>
    </Filter>
    <Filter Include="Src\opencl">
      <UniqueIdentifier>{53922D78-D5C1-38F0-A833-222E31A6FBAD}</UniqueIdentifier>
    </Filter>
    <Filter Include="Src\opencl\kernels\autogenerated">
      <UniqueIdentifier>{46609209-174A-3A9D-9135-1EADE47CD48E}</UniqueIdentifier>
    </Filter>
  </ItemGroup>
</Project>
