<?xml version="1.0" encoding="UTF-8"?>
<Project ToolsVersion="14.0" xmlns="http://schemas.microsoft.com/developer/msbuild/2003">
  <ItemGroup>
    <ClCompile Include="C:\Users\Ilir\Projects\UWPOpenCV\opencv\modules\video\src\bgfg_gaussmix2.cpp">
      <Filter>Src</Filter>
    </ClCompile>
    <ClCompile Include="C:\Users\Ilir\Projects\UWPOpenCV\opencv\modules\video\src\bgfg_KNN.cpp">
      <Filter>Src</Filter>
    </ClCompile>
    <ClCompile Include="C:\Users\Ilir\Projects\UWPOpenCV\opencv\modules\video\src\camshift.cpp">
      <Filter>Src</Filter>
    </ClCompile>
    <ClCompile Include="C:\Users\Ilir\Projects\UWPOpenCV\opencv\modules\video\src\compat_video.cpp">
      <Filter>Src</Filter>
    </ClCompile>
    <ClCompile Include="C:\Users\Ilir\Projects\UWPOpenCV\opencv\modules\video\src\ecc.cpp">
      <Filter>Src</Filter>
    </ClCompile>
    <ClCompile Include="C:\Users\Ilir\Projects\UWPOpenCV\opencv\modules\video\src\kalman.cpp">
      <Filter>Src</Filter>
    </ClCompile>
    <ClCompile Include="C:\Users\Ilir\Projects\UWPOpenCV\opencv\modules\video\src\lkpyramid.cpp">
      <Filter>Src</Filter>
    </ClCompile>
    <ClCompile Include="C:\Users\Ilir\Projects\UWPOpenCV\opencv\modules\video\src\optflowgf.cpp">
      <Filter>Src</Filter>
    </ClCompile>
    <ClCompile Include="C:\Users\Ilir\Projects\UWPOpenCV\opencv\modules\video\src\tvl1flow.cpp">
      <Filter>Src</Filter>
    </ClCompile>
    <ClCompile Include="C:\Users\Ilir\Projects\UWPOpenCV\opencv\uwp_build\modules\video\opencl_kernels_video.cpp">
      <Filter>Src\opencl\kernels\autogenerated</Filter>
    </ClCompile>
    <ClCompile Include="C:\Users\Ilir\Projects\UWPOpenCV\opencv\uwp_build\modules\video\opencv_video_pch.cpp">
      <Filter>Source Files</Filter>
    </ClCompile>
  </ItemGroup>
  <ItemGroup>
    <ClInclude Include="C:\Users\Ilir\Projects\UWPOpenCV\opencv\modules\video\include\opencv2\video.hpp">
      <Filter>Include\opencv2</Filter>
    </ClInclude>
    <ClInclude Include="C:\Users\Ilir\Projects\UWPOpenCV\opencv\modules\video\include\opencv2\video\background_segm.hpp">
      <Filter>Include\opencv2\video</Filter>
    </ClInclude>
    <ClInclude Include="C:\Users\Ilir\Projects\UWPOpenCV\opencv\modules\video\include\opencv2\video\tracking.hpp">
      <Filter>Include\opencv2\video</Filter>
    </ClInclude>
    <ClInclude Include="C:\Users\Ilir\Projects\UWPOpenCV\opencv\modules\video\include\opencv2\video\video.hpp">
      <Filter>Include\opencv2\video</Filter>
    </ClInclude>
    <ClInclude Include="C:\Users\Ilir\Projects\UWPOpenCV\opencv\modules\video\include\opencv2\video\tracking_c.h">
      <Filter>Include\opencv2\video</Filter>
    </ClInclude>
    <ClInclude Include="C:\Users\Ilir\Projects\UWPOpenCV\opencv\uwp_build\modules\video\opencl_kernels_video.hpp">
      <Filter>Src\opencl\kernels\autogenerated</Filter>
    </ClInclude>
    <ClInclude Include="C:\Users\Ilir\Projects\UWPOpenCV\opencv\modules\video\src\lkpyramid.hpp">
      <Filter>Src</Filter>
    </ClInclude>
    <ClInclude Include="C:\Users\Ilir\Projects\UWPOpenCV\opencv\modules\video\src\precomp.hpp">
      <Filter>Src</Filter>
    </ClInclude>
    <ClInclude Include="C:\Users\Ilir\Projects\UWPOpenCV\opencv\uwp_build\cvconfig.h">
      <Filter>Header Files</Filter>
    </ClInclude>
    <ClInclude Include="C:\Users\Ilir\Projects\UWPOpenCV\opencv\uwp_build\opencv2\opencv_modules.hpp">
      <Filter>Header Files</Filter>
    </ClInclude>
  </ItemGroup>
  <ItemGroup>
    <CustomBuild Include="C:\Users\Ilir\Projects\UWPOpenCV\opencv\modules\video\CMakeLists.txt" />
    <CustomBuild Include="C:\Users\Ilir\Projects\UWPOpenCV\opencv\uwp_build\CMakeFiles\becdd93fcc54de19cf829ced8e555b99\opencl_kernels_video.cpp.rule">
      <Filter>CMake Rules</Filter>
    </CustomBuild>
  </ItemGroup>
  <ItemGroup>
    <None Include="C:\Users\Ilir\Projects\UWPOpenCV\opencv\modules\video\src\opencl\bgfg_mog2.cl">
      <Filter>Src\opencl\kernels</Filter>
    </None>
    <None Include="C:\Users\Ilir\Projects\UWPOpenCV\opencv\modules\video\src\opencl\optical_flow_farneback.cl">
      <Filter>Src\opencl\kernels</Filter>
    </None>
    <None Include="C:\Users\Ilir\Projects\UWPOpenCV\opencv\modules\video\src\opencl\optical_flow_tvl1.cl">
      <Filter>Src\opencl\kernels</Filter>
    </None>
    <None Include="C:\Users\Ilir\Projects\UWPOpenCV\opencv\modules\video\src\opencl\pyrlk.cl">
      <Filter>Src\opencl\kernels</Filter>
    </None>
  </ItemGroup>
  <ItemGroup>
    <Filter Include="Source Files">
      <UniqueIdentifier>{E04FA0AE-63BD-3D6F-AEE3-5182FD87F9C3}</UniqueIdentifier>
    </Filter>
    <Filter Include="Header Files">
      <UniqueIdentifier>{504E0750-E809-3FBB-9147-EE646D977025}</UniqueIdentifier>
    </Filter>
    <Filter Include="CMake Rules">
      <UniqueIdentifier>{023FBBFD-2D7F-320A-ADE2-1B067F750BF1}</UniqueIdentifier>
    </Filter>
    <Filter Include="Src">
      <UniqueIdentifier>{CA0924E7-8235-3FAB-923E-E6173B406E01}</UniqueIdentifier>
    </Filter>
    <Filter Include="Include">
      <UniqueIdentifier>{864CE264-5A6B-3A22-9BEF-4C543D280F46}</UniqueIdentifier>
    </Filter>
    <Filter Include="Src\opencl">
      <UniqueIdentifier>{53922D78-D5C1-38F0-A833-222E31A6FBAD}</UniqueIdentifier>
    </Filter>
    <Filter Include="Src\opencl\kernels\autogenerated">
      <UniqueIdentifier>{46609209-174A-3A9D-9135-1EADE47CD48E}</UniqueIdentifier>
    </Filter>
    <Filter Include="Include\opencv2\video">
      <UniqueIdentifier>{BFDD46D2-2616-353B-A401-F55E73C87E42}</UniqueIdentifier>
    </Filter>
    <Filter Include="Src\opencl\kernels">
      <UniqueIdentifier>{13EE88E3-2B23-333A-9B2E-10E1834DD830}</UniqueIdentifier>
    </Filter>
    <Filter Include="Include\opencv2">
      <UniqueIdentifier>{09A1B7DB-0608-3580-BEDD-3662D4A6CEE0}</UniqueIdentifier>
    </Filter>
  </ItemGroup>
</Project>
